// !$*UTF8*$!
{
	archiveVersion = 1;
	classes = {
	};
	objectVersion = 55;
	objects = {

/* Begin PBXBuildFile section */
		8401DE4D29067D8C0008ADF2 /* TSTaskHeaderView.m in Sources */ = {isa = PBXBuildFile; fileRef = 8401DE4C29067D8C0008ADF2 /* TSTaskHeaderView.m */; };
		8401DE502906864C0008ADF2 /* TSTaskHeaderModel.m in Sources */ = {isa = PBXBuildFile; fileRef = 8401DE4F2906864C0008ADF2 /* TSTaskHeaderModel.m */; };
		8401DE5429068DA70008ADF2 /* TSTaskHeaderItemView.m in Sources */ = {isa = PBXBuildFile; fileRef = 8401DE5329068DA70008ADF2 /* TSTaskHeaderItemView.m */; };
		8401DE5A290778760008ADF2 /* TSTaskCompletedView.m in Sources */ = {isa = PBXBuildFile; fileRef = 8401DE59290778760008ADF2 /* TSTaskCompletedView.m */; };
		8401DE68290788210008ADF2 /* TSTaskCompletedCell.m in Sources */ = {isa = PBXBuildFile; fileRef = 8401DE66290788210008ADF2 /* TSTaskCompletedCell.m */; };
		8401DE69290788210008ADF2 /* TSTaskCompletedCell.xib in Resources */ = {isa = PBXBuildFile; fileRef = 8401DE67290788210008ADF2 /* TSTaskCompletedCell.xib */; };
		8401DE6D2907CB020008ADF2 /* TSTaskViewCell.m in Sources */ = {isa = PBXBuildFile; fileRef = 8401DE6B2907CB020008ADF2 /* TSTaskViewCell.m */; };
		842EE45628F556B1003A7A04 /* UIView+Rect.m in Sources */ = {isa = PBXBuildFile; fileRef = 842EE45528F556B1003A7A04 /* UIView+Rect.m */; };
		842EE46328F64C97003A7A04 /* TSLoginViewController.m in Sources */ = {isa = PBXBuildFile; fileRef = 842EE46228F64C97003A7A04 /* TSLoginViewController.m */; };
		842EE47028F6966A003A7A04 /* TSHomeViewController.m in Sources */ = {isa = PBXBuildFile; fileRef = 842EE46F28F6966A003A7A04 /* TSHomeViewController.m */; };
		842EE47628F69712003A7A04 /* TSHomeLeftTitleView.m in Sources */ = {isa = PBXBuildFile; fileRef = 842EE47528F69712003A7A04 /* TSHomeLeftTitleView.m */; };
		842EE47928F69721003A7A04 /* TSHomeLeftContentView.m in Sources */ = {isa = PBXBuildFile; fileRef = 842EE47828F69721003A7A04 /* TSHomeLeftContentView.m */; };
		842EE47C28F69DB8003A7A04 /* TSBaseViewController.m in Sources */ = {isa = PBXBuildFile; fileRef = 842EE47B28F69DB8003A7A04 /* TSBaseViewController.m */; };
		842EE47F28F69DCC003A7A04 /* TSBaseView.m in Sources */ = {isa = PBXBuildFile; fileRef = 842EE47E28F69DCC003A7A04 /* TSBaseView.m */; };
		842EE48228F69DE3003A7A04 /* TSBaseModel.m in Sources */ = {isa = PBXBuildFile; fileRef = 842EE48128F69DE3003A7A04 /* TSBaseModel.m */; };
		842EE48528F69E77003A7A04 /* TSTrainingViewController.m in Sources */ = {isa = PBXBuildFile; fileRef = 842EE48428F69E77003A7A04 /* TSTrainingViewController.m */; };
		842EE48828F69E9F003A7A04 /* TSDataViewController.m in Sources */ = {isa = PBXBuildFile; fileRef = 842EE48728F69E9F003A7A04 /* TSDataViewController.m */; };
		842EE48B28F69EB9003A7A04 /* TSTaskViewController.m in Sources */ = {isa = PBXBuildFile; fileRef = 842EE48A28F69EB9003A7A04 /* TSTaskViewController.m */; };
		842EE49128F69EEF003A7A04 /* TSSettingViewController.m in Sources */ = {isa = PBXBuildFile; fileRef = 842EE49028F69EEF003A7A04 /* TSSettingViewController.m */; };
		842EE49428F6BAB0003A7A04 /* UIButton+Common.m in Sources */ = {isa = PBXBuildFile; fileRef = 842EE49328F6BAB0003A7A04 /* UIButton+Common.m */; };
		842EE49728F6BBA8003A7A04 /* NSObject+Common.m in Sources */ = {isa = PBXBuildFile; fileRef = 842EE49628F6BBA8003A7A04 /* NSObject+Common.m */; };
		842EE49A28F6C4BE003A7A04 /* NSDictionary+Common.m in Sources */ = {isa = PBXBuildFile; fileRef = 842EE49928F6C4BE003A7A04 /* NSDictionary+Common.m */; };
		84AA94C028F4F0D300B0EDEF /* AppDelegate.m in Sources */ = {isa = PBXBuildFile; fileRef = 84AA94BF28F4F0D300B0EDEF /* AppDelegate.m */; };
		84AA94C328F4F0D300B0EDEF /* SceneDelegate.m in Sources */ = {isa = PBXBuildFile; fileRef = 84AA94C228F4F0D300B0EDEF /* SceneDelegate.m */; };
		84AA94C928F4F0D300B0EDEF /* Main.storyboard in Resources */ = {isa = PBXBuildFile; fileRef = 84AA94C728F4F0D300B0EDEF /* Main.storyboard */; };
		84AA94CB28F4F0D500B0EDEF /* Assets.xcassets in Resources */ = {isa = PBXBuildFile; fileRef = 84AA94CA28F4F0D500B0EDEF /* Assets.xcassets */; };
		84AA94CE28F4F0D500B0EDEF /* LaunchScreen.storyboard in Resources */ = {isa = PBXBuildFile; fileRef = 84AA94CC28F4F0D500B0EDEF /* LaunchScreen.storyboard */; };
		84AA94D128F4F0D500B0EDEF /* main.m in Sources */ = {isa = PBXBuildFile; fileRef = 84AA94D028F4F0D500B0EDEF /* main.m */; };
		84AD788128FD029800518085 /* CheckHelper.m in Sources */ = {isa = PBXBuildFile; fileRef = 84AD788028FD029800518085 /* CheckHelper.m */; };
		84AD788528FD02F500518085 /* GTMBase64.m in Sources */ = {isa = PBXBuildFile; fileRef = 84AD788228FD02F500518085 /* GTMBase64.m */; };
		84AD788828FD04B800518085 /* OpenSSLRSAWrapper.m in Sources */ = {isa = PBXBuildFile; fileRef = 84AD788728FD04B800518085 /* OpenSSLRSAWrapper.m */; };
		84AD78DA28FD05DA00518085 /* libcrypto.a in Frameworks */ = {isa = PBXBuildFile; fileRef = 84AD788A28FD05DA00518085 /* libcrypto.a */; };
		84AD78DB28FD05DA00518085 /* LICENSE in Resources */ = {isa = PBXBuildFile; fileRef = 84AD788C28FD05DA00518085 /* LICENSE */; };
		84AD78DC28FD05DA00518085 /* libssl.a in Frameworks */ = {isa = PBXBuildFile; fileRef = 84AD78D928FD05DA00518085 /* libssl.a */; };
		84AD78E228FD06BB00518085 /* NSString+Base64.m in Sources */ = {isa = PBXBuildFile; fileRef = 84AD78DE28FD06BB00518085 /* NSString+Base64.m */; };
		84AD78E328FD06BB00518085 /* NSData+Base64.m in Sources */ = {isa = PBXBuildFile; fileRef = 84AD78E128FD06BB00518085 /* NSData+Base64.m */; };
		84AD790828FD2E0600518085 /* AFURLResponseSerialization.m in Sources */ = {isa = PBXBuildFile; fileRef = 84AD78EA28FD2E0600518085 /* AFURLResponseSerialization.m */; };
		84AD790928FD2E0600518085 /* AFHTTPSessionManager.m in Sources */ = {isa = PBXBuildFile; fileRef = 84AD78EB28FD2E0600518085 /* AFHTTPSessionManager.m */; };
		84AD790A28FD2E0600518085 /* AFURLSessionManager.m in Sources */ = {isa = PBXBuildFile; fileRef = 84AD78ED28FD2E0600518085 /* AFURLSessionManager.m */; };
		84AD790B28FD2E0600518085 /* AFURLRequestSerialization.m in Sources */ = {isa = PBXBuildFile; fileRef = 84AD78EE28FD2E0600518085 /* AFURLRequestSerialization.m */; };
		84AD790C28FD2E0600518085 /* AFNetworkReachabilityManager.m in Sources */ = {isa = PBXBuildFile; fileRef = 84AD78F028FD2E0600518085 /* AFNetworkReachabilityManager.m */; };
		84AD790D28FD2E0600518085 /* AFSecurityPolicy.m in Sources */ = {isa = PBXBuildFile; fileRef = 84AD78F128FD2E0600518085 /* AFSecurityPolicy.m */; };
		84AD790E28FD2E0600518085 /* UIProgressView+AFNetworking.m in Sources */ = {isa = PBXBuildFile; fileRef = 84AD78F328FD2E0600518085 /* UIProgressView+AFNetworking.m */; };
		84AD790F28FD2E0600518085 /* UIRefreshControl+AFNetworking.m in Sources */ = {isa = PBXBuildFile; fileRef = 84AD78F528FD2E0600518085 /* UIRefreshControl+AFNetworking.m */; };
		84AD791028FD2E0600518085 /* AFNetworkActivityIndicatorManager.m in Sources */ = {isa = PBXBuildFile; fileRef = 84AD78F828FD2E0600518085 /* AFNetworkActivityIndicatorManager.m */; };
		84AD791128FD2E0600518085 /* UIImageView+AFNetworking.m in Sources */ = {isa = PBXBuildFile; fileRef = 84AD78FE28FD2E0600518085 /* UIImageView+AFNetworking.m */; };
		84AD791228FD2E0600518085 /* UIButton+AFNetworking.m in Sources */ = {isa = PBXBuildFile; fileRef = 84AD790128FD2E0600518085 /* UIButton+AFNetworking.m */; };
		84AD791328FD2E0600518085 /* UIActivityIndicatorView+AFNetworking.m in Sources */ = {isa = PBXBuildFile; fileRef = 84AD790228FD2E0600518085 /* UIActivityIndicatorView+AFNetworking.m */; };
		84AD791428FD2E0600518085 /* UIWebView+AFNetworking.m in Sources */ = {isa = PBXBuildFile; fileRef = 84AD790328FD2E0600518085 /* UIWebView+AFNetworking.m */; };
		84AD791528FD2E0600518085 /* AFAutoPurgingImageCache.m in Sources */ = {isa = PBXBuildFile; fileRef = 84AD790428FD2E0600518085 /* AFAutoPurgingImageCache.m */; };
		84AD791628FD2E0600518085 /* AFImageDownloader.m in Sources */ = {isa = PBXBuildFile; fileRef = 84AD790628FD2E0600518085 /* AFImageDownloader.m */; };
		84AD791928FD2E3B00518085 /* TSNetWorkManage.m in Sources */ = {isa = PBXBuildFile; fileRef = 84AD791828FD2E3B00518085 /* TSNetWorkManage.m */; };
		84AD791F28FD2F8200518085 /* AFHTTPSessionManager+TSConfig.m in Sources */ = {isa = PBXBuildFile; fileRef = 84AD791E28FD2F8200518085 /* AFHTTPSessionManager+TSConfig.m */; };
		84AD792228FD310D00518085 /* TSErrorManager.m in Sources */ = {isa = PBXBuildFile; fileRef = 84AD792128FD310D00518085 /* TSErrorManager.m */; };
		84AD792628FE501100518085 /* TSSettingHeaderView.m in Sources */ = {isa = PBXBuildFile; fileRef = 84AD792528FE501100518085 /* TSSettingHeaderView.m */; };
		84AD792928FE86A400518085 /* TSSettingViewCell.m in Sources */ = {isa = PBXBuildFile; fileRef = 84AD792828FE86A400518085 /* TSSettingViewCell.m */; };
		84C5902A290FCCE9000DFC71 /* TSDataModel.m in Sources */ = {isa = PBXBuildFile; fileRef = 84C59029290FCCE9000DFC71 /* TSDataModel.m */; };
		84C5902D290FCD3C000DFC71 /* TSDataCollectionViewCell.m in Sources */ = {isa = PBXBuildFile; fileRef = 84C5902C290FCD3C000DFC71 /* TSDataCollectionViewCell.m */; };
		84E1CD0B290F91EB00F4E937 /* TSDataLeftTitleView.m in Sources */ = {isa = PBXBuildFile; fileRef = 84E1CD0A290F91EB00F4E937 /* TSDataLeftTitleView.m */; };
		84E1CD0E290F920600F4E937 /* TSDataLeftContentView.m in Sources */ = {isa = PBXBuildFile; fileRef = 84E1CD0D290F920600F4E937 /* TSDataLeftContentView.m */; };
		84E1CD11290F95C500F4E937 /* TSDataCoordinateViewController.m in Sources */ = {isa = PBXBuildFile; fileRef = 84E1CD10290F95C500F4E937 /* TSDataCoordinateViewController.m */; };
		84E1CD14290F961F00F4E937 /* TSDataAgileViewController.m in Sources */ = {isa = PBXBuildFile; fileRef = 84E1CD13290F961F00F4E937 /* TSDataAgileViewController.m */; };
		84E1CD17290F962E00F4E937 /* TSDataPowerViewController.m in Sources */ = {isa = PBXBuildFile; fileRef = 84E1CD16290F962E00F4E937 /* TSDataPowerViewController.m */; };
		84E1CD1A290F963B00F4E937 /* TSDataBalanceViewController.m in Sources */ = {isa = PBXBuildFile; fileRef = 84E1CD19290F963B00F4E937 /* TSDataBalanceViewController.m */; };
		84E1CD1D290F964700F4E937 /* TSDataSpeedViewController.m in Sources */ = {isa = PBXBuildFile; fileRef = 84E1CD1C290F964700F4E937 /* TSDataSpeedViewController.m */; };
		84E1CD20290F965C00F4E937 /* TSDataHeartRateViewController.m in Sources */ = {isa = PBXBuildFile; fileRef = 84E1CD1F290F965C00F4E937 /* TSDataHeartRateViewController.m */; };
		84E1CD23290FA9D800F4E937 /* VLPageMenuTitleView.m in Sources */ = {isa = PBXBuildFile; fileRef = 84E1CD22290FA9D800F4E937 /* VLPageMenuTitleView.m */; };
		84E1CD26290FA9EB00F4E937 /* VLPageMenuContentView.m in Sources */ = {isa = PBXBuildFile; fileRef = 84E1CD25290FA9EB00F4E937 /* VLPageMenuContentView.m */; };
		84F152EC28F941C40002B62C /* CustomKeyboard.m in Sources */ = {isa = PBXBuildFile; fileRef = 84F152EB28F941C40002B62C /* CustomKeyboard.m */; };
		84F152EF28FCE3B40002B62C /* UITextField+Common.m in Sources */ = {isa = PBXBuildFile; fileRef = 84F152EE28FCE3B40002B62C /* UITextField+Common.m */; };
		84F152F228FCE4100002B62C /* NSString+Common.m in Sources */ = {isa = PBXBuildFile; fileRef = 84F152F128FCE4100002B62C /* NSString+Common.m */; };
		84F152F528FCE5250002B62C /* YYKeychain.m in Sources */ = {isa = PBXBuildFile; fileRef = 84F152F428FCE5250002B62C /* YYKeychain.m */; };
		84F152F828FCE5510002B62C /* UIDevice+Common.m in Sources */ = {isa = PBXBuildFile; fileRef = 84F152F728FCE5510002B62C /* UIDevice+Common.m */; };
		84F152FB28FCEDAB0002B62C /* CALayer+Common.m in Sources */ = {isa = PBXBuildFile; fileRef = 84F152FA28FCEDAB0002B62C /* CALayer+Common.m */; };
		84F152FE28FCEF5D0002B62C /* UIColor+Common.m in Sources */ = {isa = PBXBuildFile; fileRef = 84F152FD28FCEF5D0002B62C /* UIColor+Common.m */; };
		84F1530128FCF38E0002B62C /* TSHandyColorTool.m in Sources */ = {isa = PBXBuildFile; fileRef = 84F1530028FCF38E0002B62C /* TSHandyColorTool.m */; };
		84F1530428FCF4250002B62C /* TSSizeAdaptationTool.m in Sources */ = {isa = PBXBuildFile; fileRef = 84F1530328FCF4250002B62C /* TSSizeAdaptationTool.m */; };
		84F1530728FCF54C0002B62C /* TSHelper.m in Sources */ = {isa = PBXBuildFile; fileRef = 84F1530628FCF54C0002B62C /* TSHelper.m */; };
		84F995C728F79ED900720A47 /* TSTrainView.m in Sources */ = {isa = PBXBuildFile; fileRef = 84F995C628F79ED900720A47 /* TSTrainView.m */; };
		84F995CA28F79EEE00720A47 /* TSStudentTestView.m in Sources */ = {isa = PBXBuildFile; fileRef = 84F995C928F79EEE00720A47 /* TSStudentTestView.m */; };
		84F995D128F7B04C00720A47 /* TSStudentTestModel.m in Sources */ = {isa = PBXBuildFile; fileRef = 84F995D028F7B04C00720A47 /* TSStudentTestModel.m */; };
		84F995D528F7BF6B00720A47 /* TSTrainDetailViewController.m in Sources */ = {isa = PBXBuildFile; fileRef = 84F995D428F7BF6B00720A47 /* TSTrainDetailViewController.m */; };
		84F995D828F7DDE300720A47 /* TSStudentTestLayout.m in Sources */ = {isa = PBXBuildFile; fileRef = 84F995D728F7DDE300720A47 /* TSStudentTestLayout.m */; };
		84F9963328F8F88700720A47 /* TSStudentTestCollectionViewCell.m in Sources */ = {isa = PBXBuildFile; fileRef = 84F9963128F8F88700720A47 /* TSStudentTestCollectionViewCell.m */; };
		84F9963428F8F88700720A47 /* TSStudentTestCollectionViewCell.xib in Resources */ = {isa = PBXBuildFile; fileRef = 84F9963228F8F88700720A47 /* TSStudentTestCollectionViewCell.xib */; };
/* End PBXBuildFile section */

/* Begin PBXFileReference section */
		8401DE4B29067D8C0008ADF2 /* TSTaskHeaderView.h */ = {isa = PBXFileReference; lastKnownFileType = sourcecode.c.h; path = TSTaskHeaderView.h; sourceTree = "<group>"; };
		8401DE4C29067D8C0008ADF2 /* TSTaskHeaderView.m */ = {isa = PBXFileReference; lastKnownFileType = sourcecode.c.objc; path = TSTaskHeaderView.m; sourceTree = "<group>"; };
		8401DE4E2906864C0008ADF2 /* TSTaskHeaderModel.h */ = {isa = PBXFileReference; lastKnownFileType = sourcecode.c.h; path = TSTaskHeaderModel.h; sourceTree = "<group>"; };
		8401DE4F2906864C0008ADF2 /* TSTaskHeaderModel.m */ = {isa = PBXFileReference; lastKnownFileType = sourcecode.c.objc; path = TSTaskHeaderModel.m; sourceTree = "<group>"; };
		8401DE5229068DA70008ADF2 /* TSTaskHeaderItemView.h */ = {isa = PBXFileReference; lastKnownFileType = sourcecode.c.h; path = TSTaskHeaderItemView.h; sourceTree = "<group>"; };
		8401DE5329068DA70008ADF2 /* TSTaskHeaderItemView.m */ = {isa = PBXFileReference; lastKnownFileType = sourcecode.c.objc; path = TSTaskHeaderItemView.m; sourceTree = "<group>"; };
		8401DE58290778760008ADF2 /* TSTaskCompletedView.h */ = {isa = PBXFileReference; lastKnownFileType = sourcecode.c.h; path = TSTaskCompletedView.h; sourceTree = "<group>"; };
		8401DE59290778760008ADF2 /* TSTaskCompletedView.m */ = {isa = PBXFileReference; lastKnownFileType = sourcecode.c.objc; path = TSTaskCompletedView.m; sourceTree = "<group>"; };
		8401DE65290788210008ADF2 /* TSTaskCompletedCell.h */ = {isa = PBXFileReference; lastKnownFileType = sourcecode.c.h; path = TSTaskCompletedCell.h; sourceTree = "<group>"; };
		8401DE66290788210008ADF2 /* TSTaskCompletedCell.m */ = {isa = PBXFileReference; lastKnownFileType = sourcecode.c.objc; path = TSTaskCompletedCell.m; sourceTree = "<group>"; };
		8401DE67290788210008ADF2 /* TSTaskCompletedCell.xib */ = {isa = PBXFileReference; lastKnownFileType = file.xib; path = TSTaskCompletedCell.xib; sourceTree = "<group>"; };
		8401DE6A2907CB020008ADF2 /* TSTaskViewCell.h */ = {isa = PBXFileReference; lastKnownFileType = sourcecode.c.h; path = TSTaskViewCell.h; sourceTree = "<group>"; };
		8401DE6B2907CB020008ADF2 /* TSTaskViewCell.m */ = {isa = PBXFileReference; lastKnownFileType = sourcecode.c.objc; path = TSTaskViewCell.m; sourceTree = "<group>"; };
		842EE45428F556B0003A7A04 /* UIView+Rect.h */ = {isa = PBXFileReference; lastKnownFileType = sourcecode.c.h; path = "UIView+Rect.h"; sourceTree = "<group>"; };
		842EE45528F556B1003A7A04 /* UIView+Rect.m */ = {isa = PBXFileReference; lastKnownFileType = sourcecode.c.objc; path = "UIView+Rect.m"; sourceTree = "<group>"; };
		842EE46128F64C97003A7A04 /* TSLoginViewController.h */ = {isa = PBXFileReference; lastKnownFileType = sourcecode.c.h; path = TSLoginViewController.h; sourceTree = "<group>"; };
		842EE46228F64C97003A7A04 /* TSLoginViewController.m */ = {isa = PBXFileReference; lastKnownFileType = sourcecode.c.objc; path = TSLoginViewController.m; sourceTree = "<group>"; };
		842EE46528F656B2003A7A04 /* TSMacros_h.h */ = {isa = PBXFileReference; lastKnownFileType = sourcecode.c.h; path = TSMacros_h.h; sourceTree = "<group>"; };
		842EE46628F66296003A7A04 /* TrackingSport_pch.h */ = {isa = PBXFileReference; lastKnownFileType = sourcecode.c.h; path = TrackingSport_pch.h; sourceTree = "<group>"; };
		842EE46E28F6966A003A7A04 /* TSHomeViewController.h */ = {isa = PBXFileReference; lastKnownFileType = sourcecode.c.h; path = TSHomeViewController.h; sourceTree = "<group>"; };
		842EE46F28F6966A003A7A04 /* TSHomeViewController.m */ = {isa = PBXFileReference; lastKnownFileType = sourcecode.c.objc; path = TSHomeViewController.m; sourceTree = "<group>"; };
		842EE47428F69712003A7A04 /* TSHomeLeftTitleView.h */ = {isa = PBXFileReference; lastKnownFileType = sourcecode.c.h; path = TSHomeLeftTitleView.h; sourceTree = "<group>"; };
		842EE47528F69712003A7A04 /* TSHomeLeftTitleView.m */ = {isa = PBXFileReference; lastKnownFileType = sourcecode.c.objc; path = TSHomeLeftTitleView.m; sourceTree = "<group>"; };
		842EE47728F69721003A7A04 /* TSHomeLeftContentView.h */ = {isa = PBXFileReference; lastKnownFileType = sourcecode.c.h; path = TSHomeLeftContentView.h; sourceTree = "<group>"; };
		842EE47828F69721003A7A04 /* TSHomeLeftContentView.m */ = {isa = PBXFileReference; lastKnownFileType = sourcecode.c.objc; path = TSHomeLeftContentView.m; sourceTree = "<group>"; };
		842EE47A28F69DB8003A7A04 /* TSBaseViewController.h */ = {isa = PBXFileReference; lastKnownFileType = sourcecode.c.h; path = TSBaseViewController.h; sourceTree = "<group>"; };
		842EE47B28F69DB8003A7A04 /* TSBaseViewController.m */ = {isa = PBXFileReference; lastKnownFileType = sourcecode.c.objc; path = TSBaseViewController.m; sourceTree = "<group>"; };
		842EE47D28F69DCC003A7A04 /* TSBaseView.h */ = {isa = PBXFileReference; lastKnownFileType = sourcecode.c.h; path = TSBaseView.h; sourceTree = "<group>"; };
		842EE47E28F69DCC003A7A04 /* TSBaseView.m */ = {isa = PBXFileReference; lastKnownFileType = sourcecode.c.objc; path = TSBaseView.m; sourceTree = "<group>"; };
		842EE48028F69DE3003A7A04 /* TSBaseModel.h */ = {isa = PBXFileReference; lastKnownFileType = sourcecode.c.h; path = TSBaseModel.h; sourceTree = "<group>"; };
		842EE48128F69DE3003A7A04 /* TSBaseModel.m */ = {isa = PBXFileReference; lastKnownFileType = sourcecode.c.objc; path = TSBaseModel.m; sourceTree = "<group>"; };
		842EE48328F69E77003A7A04 /* TSTrainingViewController.h */ = {isa = PBXFileReference; lastKnownFileType = sourcecode.c.h; path = TSTrainingViewController.h; sourceTree = "<group>"; };
		842EE48428F69E77003A7A04 /* TSTrainingViewController.m */ = {isa = PBXFileReference; lastKnownFileType = sourcecode.c.objc; path = TSTrainingViewController.m; sourceTree = "<group>"; };
		842EE48628F69E9F003A7A04 /* TSDataViewController.h */ = {isa = PBXFileReference; lastKnownFileType = sourcecode.c.h; path = TSDataViewController.h; sourceTree = "<group>"; };
		842EE48728F69E9F003A7A04 /* TSDataViewController.m */ = {isa = PBXFileReference; lastKnownFileType = sourcecode.c.objc; path = TSDataViewController.m; sourceTree = "<group>"; };
		842EE48928F69EB9003A7A04 /* TSTaskViewController.h */ = {isa = PBXFileReference; lastKnownFileType = sourcecode.c.h; path = TSTaskViewController.h; sourceTree = "<group>"; };
		842EE48A28F69EB9003A7A04 /* TSTaskViewController.m */ = {isa = PBXFileReference; lastKnownFileType = sourcecode.c.objc; path = TSTaskViewController.m; sourceTree = "<group>"; };
		842EE48F28F69EEF003A7A04 /* TSSettingViewController.h */ = {isa = PBXFileReference; lastKnownFileType = sourcecode.c.h; path = TSSettingViewController.h; sourceTree = "<group>"; };
		842EE49028F69EEF003A7A04 /* TSSettingViewController.m */ = {isa = PBXFileReference; lastKnownFileType = sourcecode.c.objc; path = TSSettingViewController.m; sourceTree = "<group>"; };
		842EE49228F6BAB0003A7A04 /* UIButton+Common.h */ = {isa = PBXFileReference; lastKnownFileType = sourcecode.c.h; path = "UIButton+Common.h"; sourceTree = "<group>"; };
		842EE49328F6BAB0003A7A04 /* UIButton+Common.m */ = {isa = PBXFileReference; lastKnownFileType = sourcecode.c.objc; path = "UIButton+Common.m"; sourceTree = "<group>"; };
		842EE49528F6BBA8003A7A04 /* NSObject+Common.h */ = {isa = PBXFileReference; lastKnownFileType = sourcecode.c.h; path = "NSObject+Common.h"; sourceTree = "<group>"; };
		842EE49628F6BBA8003A7A04 /* NSObject+Common.m */ = {isa = PBXFileReference; lastKnownFileType = sourcecode.c.objc; path = "NSObject+Common.m"; sourceTree = "<group>"; };
		842EE49828F6C4BE003A7A04 /* NSDictionary+Common.h */ = {isa = PBXFileReference; lastKnownFileType = sourcecode.c.h; path = "NSDictionary+Common.h"; sourceTree = "<group>"; };
		842EE49928F6C4BE003A7A04 /* NSDictionary+Common.m */ = {isa = PBXFileReference; lastKnownFileType = sourcecode.c.objc; path = "NSDictionary+Common.m"; sourceTree = "<group>"; };
		84AA94BB28F4F0D300B0EDEF /* trackingsport.app */ = {isa = PBXFileReference; explicitFileType = wrapper.application; includeInIndex = 0; path = trackingsport.app; sourceTree = BUILT_PRODUCTS_DIR; };
		84AA94BE28F4F0D300B0EDEF /* AppDelegate.h */ = {isa = PBXFileReference; lastKnownFileType = sourcecode.c.h; path = AppDelegate.h; sourceTree = "<group>"; };
		84AA94BF28F4F0D300B0EDEF /* AppDelegate.m */ = {isa = PBXFileReference; lastKnownFileType = sourcecode.c.objc; path = AppDelegate.m; sourceTree = "<group>"; };
		84AA94C128F4F0D300B0EDEF /* SceneDelegate.h */ = {isa = PBXFileReference; lastKnownFileType = sourcecode.c.h; path = SceneDelegate.h; sourceTree = "<group>"; };
		84AA94C228F4F0D300B0EDEF /* SceneDelegate.m */ = {isa = PBXFileReference; lastKnownFileType = sourcecode.c.objc; path = SceneDelegate.m; sourceTree = "<group>"; };
		84AA94C828F4F0D300B0EDEF /* Base */ = {isa = PBXFileReference; lastKnownFileType = file.storyboard; name = Base; path = Base.lproj/Main.storyboard; sourceTree = "<group>"; };
		84AA94CA28F4F0D500B0EDEF /* Assets.xcassets */ = {isa = PBXFileReference; lastKnownFileType = folder.assetcatalog; path = Assets.xcassets; sourceTree = "<group>"; };
		84AA94CD28F4F0D500B0EDEF /* Base */ = {isa = PBXFileReference; lastKnownFileType = file.storyboard; name = Base; path = Base.lproj/LaunchScreen.storyboard; sourceTree = "<group>"; };
		84AA94CF28F4F0D500B0EDEF /* Info.plist */ = {isa = PBXFileReference; lastKnownFileType = text.plist.xml; path = Info.plist; sourceTree = "<group>"; };
		84AA94D028F4F0D500B0EDEF /* main.m */ = {isa = PBXFileReference; lastKnownFileType = sourcecode.c.objc; path = main.m; sourceTree = "<group>"; };
		84AD787F28FD029800518085 /* CheckHelper.h */ = {isa = PBXFileReference; lastKnownFileType = sourcecode.c.h; path = CheckHelper.h; sourceTree = "<group>"; };
		84AD788028FD029800518085 /* CheckHelper.m */ = {isa = PBXFileReference; lastKnownFileType = sourcecode.c.objc; path = CheckHelper.m; sourceTree = "<group>"; };
		84AD788228FD02F500518085 /* GTMBase64.m */ = {isa = PBXFileReference; fileEncoding = 4; lastKnownFileType = sourcecode.c.objc; path = GTMBase64.m; sourceTree = "<group>"; };
		84AD788328FD02F500518085 /* GTMBase64.h */ = {isa = PBXFileReference; fileEncoding = 4; lastKnownFileType = sourcecode.c.h; path = GTMBase64.h; sourceTree = "<group>"; };
		84AD788428FD02F500518085 /* GTMDefines.h */ = {isa = PBXFileReference; fileEncoding = 4; lastKnownFileType = sourcecode.c.h; path = GTMDefines.h; sourceTree = "<group>"; };
		84AD788628FD04B800518085 /* OpenSSLRSAWrapper.h */ = {isa = PBXFileReference; fileEncoding = 4; lastKnownFileType = sourcecode.c.h; path = OpenSSLRSAWrapper.h; sourceTree = "<group>"; };
		84AD788728FD04B800518085 /* OpenSSLRSAWrapper.m */ = {isa = PBXFileReference; fileEncoding = 4; lastKnownFileType = sourcecode.c.objc; path = OpenSSLRSAWrapper.m; sourceTree = "<group>"; };
		84AD788A28FD05DA00518085 /* libcrypto.a */ = {isa = PBXFileReference; lastKnownFileType = archive.ar; path = libcrypto.a; sourceTree = "<group>"; };
		84AD788C28FD05DA00518085 /* LICENSE */ = {isa = PBXFileReference; fileEncoding = 4; lastKnownFileType = text; path = LICENSE; sourceTree = "<group>"; };
		84AD788E28FD05DA00518085 /* pem2.h */ = {isa = PBXFileReference; fileEncoding = 4; lastKnownFileType = sourcecode.c.h; path = pem2.h; sourceTree = "<group>"; };
		84AD788F28FD05DA00518085 /* pem.h */ = {isa = PBXFileReference; fileEncoding = 4; lastKnownFileType = sourcecode.c.h; path = pem.h; sourceTree = "<group>"; };
		84AD789028FD05DA00518085 /* ssl3.h */ = {isa = PBXFileReference; fileEncoding = 4; lastKnownFileType = sourcecode.c.h; path = ssl3.h; sourceTree = "<group>"; };
		84AD789128FD05DA00518085 /* ossl_typ.h */ = {isa = PBXFileReference; fileEncoding = 4; lastKnownFileType = sourcecode.c.h; path = ossl_typ.h; sourceTree = "<group>"; };
		84AD789228FD05DA00518085 /* dtls1.h */ = {isa = PBXFileReference; fileEncoding = 4; lastKnownFileType = sourcecode.c.h; path = dtls1.h; sourceTree = "<group>"; };
		84AD789328FD05DA00518085 /* err.h */ = {isa = PBXFileReference; fileEncoding = 4; lastKnownFileType = sourcecode.c.h; path = err.h; sourceTree = "<group>"; };
		84AD789428FD05DA00518085 /* bn.h */ = {isa = PBXFileReference; fileEncoding = 4; lastKnownFileType = sourcecode.c.h; path = bn.h; sourceTree = "<group>"; };
		84AD789528FD05DA00518085 /* blowfish.h */ = {isa = PBXFileReference; fileEncoding = 4; lastKnownFileType = sourcecode.c.h; path = blowfish.h; sourceTree = "<group>"; };
		84AD789628FD05DA00518085 /* cms.h */ = {isa = PBXFileReference; fileEncoding = 4; lastKnownFileType = sourcecode.c.h; path = cms.h; sourceTree = "<group>"; };
		84AD789728FD05DA00518085 /* engine.h */ = {isa = PBXFileReference; fileEncoding = 4; lastKnownFileType = sourcecode.c.h; path = engine.h; sourceTree = "<group>"; };
		84AD789828FD05DA00518085 /* conf_api.h */ = {isa = PBXFileReference; fileEncoding = 4; lastKnownFileType = sourcecode.c.h; path = conf_api.h; sourceTree = "<group>"; };
		84AD789928FD05DA00518085 /* x509.h */ = {isa = PBXFileReference; fileEncoding = 4; lastKnownFileType = sourcecode.c.h; path = x509.h; sourceTree = "<group>"; };
		84AD789A28FD05DA00518085 /* asn1_mac.h */ = {isa = PBXFileReference; fileEncoding = 4; lastKnownFileType = sourcecode.c.h; path = asn1_mac.h; sourceTree = "<group>"; };
		84AD789B28FD05DA00518085 /* ui.h */ = {isa = PBXFileReference; fileEncoding = 4; lastKnownFileType = sourcecode.c.h; path = ui.h; sourceTree = "<group>"; };
		84AD789C28FD05DA00518085 /* kssl.h */ = {isa = PBXFileReference; fileEncoding = 4; lastKnownFileType = sourcecode.c.h; path = kssl.h; sourceTree = "<group>"; };
		84AD789D28FD05DA00518085 /* sha.h */ = {isa = PBXFileReference; fileEncoding = 4; lastKnownFileType = sourcecode.c.h; path = sha.h; sourceTree = "<group>"; };
		84AD789E28FD05DA00518085 /* symhacks.h */ = {isa = PBXFileReference; fileEncoding = 4; lastKnownFileType = sourcecode.c.h; path = symhacks.h; sourceTree = "<group>"; };
		84AD789F28FD05DA00518085 /* asn1.h */ = {isa = PBXFileReference; fileEncoding = 4; lastKnownFileType = sourcecode.c.h; path = asn1.h; sourceTree = "<group>"; };
		84AD78A028FD05DA00518085 /* opensslconf.h */ = {isa = PBXFileReference; fileEncoding = 4; lastKnownFileType = sourcecode.c.h; path = opensslconf.h; sourceTree = "<group>"; };
		84AD78A128FD05DA00518085 /* bio.h */ = {isa = PBXFileReference; fileEncoding = 4; lastKnownFileType = sourcecode.c.h; path = bio.h; sourceTree = "<group>"; };
		84AD78A228FD05DA00518085 /* rc2.h */ = {isa = PBXFileReference; fileEncoding = 4; lastKnownFileType = sourcecode.c.h; path = rc2.h; sourceTree = "<group>"; };
		84AD78A328FD05DA00518085 /* dh.h */ = {isa = PBXFileReference; fileEncoding = 4; lastKnownFileType = sourcecode.c.h; path = dh.h; sourceTree = "<group>"; };
		84AD78A428FD05DA00518085 /* ui_compat.h */ = {isa = PBXFileReference; fileEncoding = 4; lastKnownFileType = sourcecode.c.h; path = ui_compat.h; sourceTree = "<group>"; };
		84AD78A528FD05DA00518085 /* x509v3.h */ = {isa = PBXFileReference; fileEncoding = 4; lastKnownFileType = sourcecode.c.h; path = x509v3.h; sourceTree = "<group>"; };
		84AD78A628FD05DA00518085 /* ssl23.h */ = {isa = PBXFileReference; fileEncoding = 4; lastKnownFileType = sourcecode.c.h; path = ssl23.h; sourceTree = "<group>"; };
		84AD78A728FD05DA00518085 /* conf.h */ = {isa = PBXFileReference; fileEncoding = 4; lastKnownFileType = sourcecode.c.h; path = conf.h; sourceTree = "<group>"; };
		84AD78A828FD05DA00518085 /* md5.h */ = {isa = PBXFileReference; fileEncoding = 4; lastKnownFileType = sourcecode.c.h; path = md5.h; sourceTree = "<group>"; };
		84AD78A928FD05DA00518085 /* x509_vfy.h */ = {isa = PBXFileReference; fileEncoding = 4; lastKnownFileType = sourcecode.c.h; path = x509_vfy.h; sourceTree = "<group>"; };
		84AD78AA28FD05DA00518085 /* txt_db.h */ = {isa = PBXFileReference; fileEncoding = 4; lastKnownFileType = sourcecode.c.h; path = txt_db.h; sourceTree = "<group>"; };
		84AD78AB28FD05DA00518085 /* safestack.h */ = {isa = PBXFileReference; fileEncoding = 4; lastKnownFileType = sourcecode.c.h; path = safestack.h; sourceTree = "<group>"; };
		84AD78AC28FD05DA00518085 /* ecdsa.h */ = {isa = PBXFileReference; fileEncoding = 4; lastKnownFileType = sourcecode.c.h; path = ecdsa.h; sourceTree = "<group>"; };
		84AD78AD28FD05DA00518085 /* objects.h */ = {isa = PBXFileReference; fileEncoding = 4; lastKnownFileType = sourcecode.c.h; path = objects.h; sourceTree = "<group>"; };
		84AD78AE28FD05DA00518085 /* pkcs12.h */ = {isa = PBXFileReference; fileEncoding = 4; lastKnownFileType = sourcecode.c.h; path = pkcs12.h; sourceTree = "<group>"; };
		84AD78AF28FD05DA00518085 /* crypto.h */ = {isa = PBXFileReference; fileEncoding = 4; lastKnownFileType = sourcecode.c.h; path = crypto.h; sourceTree = "<group>"; };
		84AD78B028FD05DA00518085 /* opensslv.h */ = {isa = PBXFileReference; fileEncoding = 4; lastKnownFileType = sourcecode.c.h; path = opensslv.h; sourceTree = "<group>"; };
		84AD78B128FD05DA00518085 /* pkcs7.h */ = {isa = PBXFileReference; fileEncoding = 4; lastKnownFileType = sourcecode.c.h; path = pkcs7.h; sourceTree = "<group>"; };
		84AD78B228FD05DA00518085 /* obj_mac.h */ = {isa = PBXFileReference; fileEncoding = 4; lastKnownFileType = sourcecode.c.h; path = obj_mac.h; sourceTree = "<group>"; };
		84AD78B328FD05DA00518085 /* buffer.h */ = {isa = PBXFileReference; fileEncoding = 4; lastKnownFileType = sourcecode.c.h; path = buffer.h; sourceTree = "<group>"; };
		84AD78B428FD05DA00518085 /* ssl.h */ = {isa = PBXFileReference; fileEncoding = 4; lastKnownFileType = sourcecode.c.h; path = ssl.h; sourceTree = "<group>"; };
		84AD78B528FD05DA00518085 /* srp.h */ = {isa = PBXFileReference; fileEncoding = 4; lastKnownFileType = sourcecode.c.h; path = srp.h; sourceTree = "<group>"; };
		84AD78B628FD05DA00518085 /* camellia.h */ = {isa = PBXFileReference; fileEncoding = 4; lastKnownFileType = sourcecode.c.h; path = camellia.h; sourceTree = "<group>"; };
		84AD78B728FD05DA00518085 /* evp.h */ = {isa = PBXFileReference; fileEncoding = 4; lastKnownFileType = sourcecode.c.h; path = evp.h; sourceTree = "<group>"; };
		84AD78B828FD05DA00518085 /* e_os2.h */ = {isa = PBXFileReference; fileEncoding = 4; lastKnownFileType = sourcecode.c.h; path = e_os2.h; sourceTree = "<group>"; };
		84AD78B928FD05DA00518085 /* md4.h */ = {isa = PBXFileReference; fileEncoding = 4; lastKnownFileType = sourcecode.c.h; path = md4.h; sourceTree = "<group>"; };
		84AD78BA28FD05DA00518085 /* hmac.h */ = {isa = PBXFileReference; fileEncoding = 4; lastKnownFileType = sourcecode.c.h; path = hmac.h; sourceTree = "<group>"; };
		84AD78BB28FD05DA00518085 /* aes.h */ = {isa = PBXFileReference; fileEncoding = 4; lastKnownFileType = sourcecode.c.h; path = aes.h; sourceTree = "<group>"; };
		84AD78BC28FD05DA00518085 /* comp.h */ = {isa = PBXFileReference; fileEncoding = 4; lastKnownFileType = sourcecode.c.h; path = comp.h; sourceTree = "<group>"; };
		84AD78BD28FD05DA00518085 /* cast.h */ = {isa = PBXFileReference; fileEncoding = 4; lastKnownFileType = sourcecode.c.h; path = cast.h; sourceTree = "<group>"; };
		84AD78BE28FD05DA00518085 /* rc4.h */ = {isa = PBXFileReference; fileEncoding = 4; lastKnownFileType = sourcecode.c.h; path = rc4.h; sourceTree = "<group>"; };
		84AD78BF28FD05DA00518085 /* stack.h */ = {isa = PBXFileReference; fileEncoding = 4; lastKnownFileType = sourcecode.c.h; path = stack.h; sourceTree = "<group>"; };
		84AD78C028FD05DA00518085 /* des.h */ = {isa = PBXFileReference; fileEncoding = 4; lastKnownFileType = sourcecode.c.h; path = des.h; sourceTree = "<group>"; };
		84AD78C128FD05DA00518085 /* ocsp.h */ = {isa = PBXFileReference; fileEncoding = 4; lastKnownFileType = sourcecode.c.h; path = ocsp.h; sourceTree = "<group>"; };
		84AD78C228FD05DA00518085 /* ec.h */ = {isa = PBXFileReference; fileEncoding = 4; lastKnownFileType = sourcecode.c.h; path = ec.h; sourceTree = "<group>"; };
		84AD78C328FD05DA00518085 /* ecdh.h */ = {isa = PBXFileReference; fileEncoding = 4; lastKnownFileType = sourcecode.c.h; path = ecdh.h; sourceTree = "<group>"; };
		84AD78C428FD05DA00518085 /* rand.h */ = {isa = PBXFileReference; fileEncoding = 4; lastKnownFileType = sourcecode.c.h; path = rand.h; sourceTree = "<group>"; };
		84AD78C528FD05DA00518085 /* ts.h */ = {isa = PBXFileReference; fileEncoding = 4; lastKnownFileType = sourcecode.c.h; path = ts.h; sourceTree = "<group>"; };
		84AD78C628FD05DA00518085 /* pqueue.h */ = {isa = PBXFileReference; fileEncoding = 4; lastKnownFileType = sourcecode.c.h; path = pqueue.h; sourceTree = "<group>"; };
		84AD78C728FD05DA00518085 /* dso.h */ = {isa = PBXFileReference; fileEncoding = 4; lastKnownFileType = sourcecode.c.h; path = dso.h; sourceTree = "<group>"; };
		84AD78C828FD05DA00518085 /* seed.h */ = {isa = PBXFileReference; fileEncoding = 4; lastKnownFileType = sourcecode.c.h; path = seed.h; sourceTree = "<group>"; };
		84AD78C928FD05DA00518085 /* modes.h */ = {isa = PBXFileReference; fileEncoding = 4; lastKnownFileType = sourcecode.c.h; path = modes.h; sourceTree = "<group>"; };
		84AD78CA28FD05DA00518085 /* ssl2.h */ = {isa = PBXFileReference; fileEncoding = 4; lastKnownFileType = sourcecode.c.h; path = ssl2.h; sourceTree = "<group>"; };
		84AD78CB28FD05DA00518085 /* rsa.h */ = {isa = PBXFileReference; fileEncoding = 4; lastKnownFileType = sourcecode.c.h; path = rsa.h; sourceTree = "<group>"; };
		84AD78CC28FD05DA00518085 /* krb5_asn.h */ = {isa = PBXFileReference; fileEncoding = 4; lastKnownFileType = sourcecode.c.h; path = krb5_asn.h; sourceTree = "<group>"; };
		84AD78CD28FD05DA00518085 /* des_old.h */ = {isa = PBXFileReference; fileEncoding = 4; lastKnownFileType = sourcecode.c.h; path = des_old.h; sourceTree = "<group>"; };
		84AD78CE28FD05DA00518085 /* ripemd.h */ = {isa = PBXFileReference; fileEncoding = 4; lastKnownFileType = sourcecode.c.h; path = ripemd.h; sourceTree = "<group>"; };
		84AD78CF28FD05DA00518085 /* whrlpool.h */ = {isa = PBXFileReference; fileEncoding = 4; lastKnownFileType = sourcecode.c.h; path = whrlpool.h; sourceTree = "<group>"; };
		84AD78D028FD05DA00518085 /* tls1.h */ = {isa = PBXFileReference; fileEncoding = 4; lastKnownFileType = sourcecode.c.h; path = tls1.h; sourceTree = "<group>"; };
		84AD78D128FD05DA00518085 /* mdc2.h */ = {isa = PBXFileReference; fileEncoding = 4; lastKnownFileType = sourcecode.c.h; path = mdc2.h; sourceTree = "<group>"; };
		84AD78D228FD05DA00518085 /* dsa.h */ = {isa = PBXFileReference; fileEncoding = 4; lastKnownFileType = sourcecode.c.h; path = dsa.h; sourceTree = "<group>"; };
		84AD78D328FD05DA00518085 /* srtp.h */ = {isa = PBXFileReference; fileEncoding = 4; lastKnownFileType = sourcecode.c.h; path = srtp.h; sourceTree = "<group>"; };
		84AD78D428FD05DA00518085 /* asn1t.h */ = {isa = PBXFileReference; fileEncoding = 4; lastKnownFileType = sourcecode.c.h; path = asn1t.h; sourceTree = "<group>"; };
		84AD78D528FD05DA00518085 /* cmac.h */ = {isa = PBXFileReference; fileEncoding = 4; lastKnownFileType = sourcecode.c.h; path = cmac.h; sourceTree = "<group>"; };
		84AD78D628FD05DA00518085 /* ebcdic.h */ = {isa = PBXFileReference; fileEncoding = 4; lastKnownFileType = sourcecode.c.h; path = ebcdic.h; sourceTree = "<group>"; };
		84AD78D728FD05DA00518085 /* idea.h */ = {isa = PBXFileReference; fileEncoding = 4; lastKnownFileType = sourcecode.c.h; path = idea.h; sourceTree = "<group>"; };
		84AD78D828FD05DA00518085 /* lhash.h */ = {isa = PBXFileReference; fileEncoding = 4; lastKnownFileType = sourcecode.c.h; path = lhash.h; sourceTree = "<group>"; };
		84AD78D928FD05DA00518085 /* libssl.a */ = {isa = PBXFileReference; lastKnownFileType = archive.ar; path = libssl.a; sourceTree = "<group>"; };
		84AD78DE28FD06BB00518085 /* NSString+Base64.m */ = {isa = PBXFileReference; fileEncoding = 4; lastKnownFileType = sourcecode.c.objc; path = "NSString+Base64.m"; sourceTree = "<group>"; };
		84AD78DF28FD06BB00518085 /* NSData+Base64.h */ = {isa = PBXFileReference; fileEncoding = 4; lastKnownFileType = sourcecode.c.h; path = "NSData+Base64.h"; sourceTree = "<group>"; };
		84AD78E028FD06BB00518085 /* NSString+Base64.h */ = {isa = PBXFileReference; fileEncoding = 4; lastKnownFileType = sourcecode.c.h; path = "NSString+Base64.h"; sourceTree = "<group>"; };
		84AD78E128FD06BB00518085 /* NSData+Base64.m */ = {isa = PBXFileReference; fileEncoding = 4; lastKnownFileType = sourcecode.c.objc; path = "NSData+Base64.m"; sourceTree = "<group>"; };
		84AD78E628FD2E0600518085 /* AFSecurityPolicy.h */ = {isa = PBXFileReference; fileEncoding = 4; lastKnownFileType = sourcecode.c.h; path = AFSecurityPolicy.h; sourceTree = "<group>"; };
		84AD78E728FD2E0600518085 /* AFNetworkReachabilityManager.h */ = {isa = PBXFileReference; fileEncoding = 4; lastKnownFileType = sourcecode.c.h; path = AFNetworkReachabilityManager.h; sourceTree = "<group>"; };
		84AD78E828FD2E0600518085 /* AFURLSessionManager.h */ = {isa = PBXFileReference; fileEncoding = 4; lastKnownFileType = sourcecode.c.h; path = AFURLSessionManager.h; sourceTree = "<group>"; };
		84AD78E928FD2E0600518085 /* AFURLRequestSerialization.h */ = {isa = PBXFileReference; fileEncoding = 4; lastKnownFileType = sourcecode.c.h; path = AFURLRequestSerialization.h; sourceTree = "<group>"; };
		84AD78EA28FD2E0600518085 /* AFURLResponseSerialization.m */ = {isa = PBXFileReference; fileEncoding = 4; lastKnownFileType = sourcecode.c.objc; path = AFURLResponseSerialization.m; sourceTree = "<group>"; };
		84AD78EB28FD2E0600518085 /* AFHTTPSessionManager.m */ = {isa = PBXFileReference; fileEncoding = 4; lastKnownFileType = sourcecode.c.objc; path = AFHTTPSessionManager.m; sourceTree = "<group>"; };
		84AD78EC28FD2E0600518085 /* AFURLResponseSerialization.h */ = {isa = PBXFileReference; fileEncoding = 4; lastKnownFileType = sourcecode.c.h; path = AFURLResponseSerialization.h; sourceTree = "<group>"; };
		84AD78ED28FD2E0600518085 /* AFURLSessionManager.m */ = {isa = PBXFileReference; fileEncoding = 4; lastKnownFileType = sourcecode.c.objc; path = AFURLSessionManager.m; sourceTree = "<group>"; };
		84AD78EE28FD2E0600518085 /* AFURLRequestSerialization.m */ = {isa = PBXFileReference; fileEncoding = 4; lastKnownFileType = sourcecode.c.objc; path = AFURLRequestSerialization.m; sourceTree = "<group>"; };
		84AD78EF28FD2E0600518085 /* AFNetworking.h */ = {isa = PBXFileReference; fileEncoding = 4; lastKnownFileType = sourcecode.c.h; path = AFNetworking.h; sourceTree = "<group>"; };
		84AD78F028FD2E0600518085 /* AFNetworkReachabilityManager.m */ = {isa = PBXFileReference; fileEncoding = 4; lastKnownFileType = sourcecode.c.objc; path = AFNetworkReachabilityManager.m; sourceTree = "<group>"; };
		84AD78F128FD2E0600518085 /* AFSecurityPolicy.m */ = {isa = PBXFileReference; fileEncoding = 4; lastKnownFileType = sourcecode.c.objc; path = AFSecurityPolicy.m; sourceTree = "<group>"; };
		84AD78F328FD2E0600518085 /* UIProgressView+AFNetworking.m */ = {isa = PBXFileReference; fileEncoding = 4; lastKnownFileType = sourcecode.c.objc; path = "UIProgressView+AFNetworking.m"; sourceTree = "<group>"; };
		84AD78F428FD2E0600518085 /* UIButton+AFNetworking.h */ = {isa = PBXFileReference; fileEncoding = 4; lastKnownFileType = sourcecode.c.h; path = "UIButton+AFNetworking.h"; sourceTree = "<group>"; };
		84AD78F528FD2E0600518085 /* UIRefreshControl+AFNetworking.m */ = {isa = PBXFileReference; fileEncoding = 4; lastKnownFileType = sourcecode.c.objc; path = "UIRefreshControl+AFNetworking.m"; sourceTree = "<group>"; };
		84AD78F628FD2E0600518085 /* UIImageView+AFNetworking.h */ = {isa = PBXFileReference; fileEncoding = 4; lastKnownFileType = sourcecode.c.h; path = "UIImageView+AFNetworking.h"; sourceTree = "<group>"; };
		84AD78F728FD2E0600518085 /* AFImageDownloader.h */ = {isa = PBXFileReference; fileEncoding = 4; lastKnownFileType = sourcecode.c.h; path = AFImageDownloader.h; sourceTree = "<group>"; };
		84AD78F828FD2E0600518085 /* AFNetworkActivityIndicatorManager.m */ = {isa = PBXFileReference; fileEncoding = 4; lastKnownFileType = sourcecode.c.objc; path = AFNetworkActivityIndicatorManager.m; sourceTree = "<group>"; };
		84AD78F928FD2E0600518085 /* AFAutoPurgingImageCache.h */ = {isa = PBXFileReference; fileEncoding = 4; lastKnownFileType = sourcecode.c.h; path = AFAutoPurgingImageCache.h; sourceTree = "<group>"; };
		84AD78FA28FD2E0600518085 /* UIWebView+AFNetworking.h */ = {isa = PBXFileReference; fileEncoding = 4; lastKnownFileType = sourcecode.c.h; path = "UIWebView+AFNetworking.h"; sourceTree = "<group>"; };
		84AD78FB28FD2E0600518085 /* UIActivityIndicatorView+AFNetworking.h */ = {isa = PBXFileReference; fileEncoding = 4; lastKnownFileType = sourcecode.c.h; path = "UIActivityIndicatorView+AFNetworking.h"; sourceTree = "<group>"; };
		84AD78FC28FD2E0600518085 /* UIImage+AFNetworking.h */ = {isa = PBXFileReference; fileEncoding = 4; lastKnownFileType = sourcecode.c.h; path = "UIImage+AFNetworking.h"; sourceTree = "<group>"; };
		84AD78FD28FD2E0600518085 /* UIProgressView+AFNetworking.h */ = {isa = PBXFileReference; fileEncoding = 4; lastKnownFileType = sourcecode.c.h; path = "UIProgressView+AFNetworking.h"; sourceTree = "<group>"; };
		84AD78FE28FD2E0600518085 /* UIImageView+AFNetworking.m */ = {isa = PBXFileReference; fileEncoding = 4; lastKnownFileType = sourcecode.c.objc; path = "UIImageView+AFNetworking.m"; sourceTree = "<group>"; };
		84AD78FF28FD2E0600518085 /* UIKit+AFNetworking.h */ = {isa = PBXFileReference; fileEncoding = 4; lastKnownFileType = sourcecode.c.h; path = "UIKit+AFNetworking.h"; sourceTree = "<group>"; };
		84AD790028FD2E0600518085 /* UIRefreshControl+AFNetworking.h */ = {isa = PBXFileReference; fileEncoding = 4; lastKnownFileType = sourcecode.c.h; path = "UIRefreshControl+AFNetworking.h"; sourceTree = "<group>"; };
		84AD790128FD2E0600518085 /* UIButton+AFNetworking.m */ = {isa = PBXFileReference; fileEncoding = 4; lastKnownFileType = sourcecode.c.objc; path = "UIButton+AFNetworking.m"; sourceTree = "<group>"; };
		84AD790228FD2E0600518085 /* UIActivityIndicatorView+AFNetworking.m */ = {isa = PBXFileReference; fileEncoding = 4; lastKnownFileType = sourcecode.c.objc; path = "UIActivityIndicatorView+AFNetworking.m"; sourceTree = "<group>"; };
		84AD790328FD2E0600518085 /* UIWebView+AFNetworking.m */ = {isa = PBXFileReference; fileEncoding = 4; lastKnownFileType = sourcecode.c.objc; path = "UIWebView+AFNetworking.m"; sourceTree = "<group>"; };
		84AD790428FD2E0600518085 /* AFAutoPurgingImageCache.m */ = {isa = PBXFileReference; fileEncoding = 4; lastKnownFileType = sourcecode.c.objc; path = AFAutoPurgingImageCache.m; sourceTree = "<group>"; };
		84AD790528FD2E0600518085 /* AFNetworkActivityIndicatorManager.h */ = {isa = PBXFileReference; fileEncoding = 4; lastKnownFileType = sourcecode.c.h; path = AFNetworkActivityIndicatorManager.h; sourceTree = "<group>"; };
		84AD790628FD2E0600518085 /* AFImageDownloader.m */ = {isa = PBXFileReference; fileEncoding = 4; lastKnownFileType = sourcecode.c.objc; path = AFImageDownloader.m; sourceTree = "<group>"; };
		84AD790728FD2E0600518085 /* AFHTTPSessionManager.h */ = {isa = PBXFileReference; fileEncoding = 4; lastKnownFileType = sourcecode.c.h; path = AFHTTPSessionManager.h; sourceTree = "<group>"; };
		84AD791728FD2E3B00518085 /* TSNetWorkManage.h */ = {isa = PBXFileReference; lastKnownFileType = sourcecode.c.h; path = TSNetWorkManage.h; sourceTree = "<group>"; };
		84AD791828FD2E3B00518085 /* TSNetWorkManage.m */ = {isa = PBXFileReference; lastKnownFileType = sourcecode.c.objc; path = TSNetWorkManage.m; sourceTree = "<group>"; };
		84AD791D28FD2F8200518085 /* AFHTTPSessionManager+TSConfig.h */ = {isa = PBXFileReference; lastKnownFileType = sourcecode.c.h; path = "AFHTTPSessionManager+TSConfig.h"; sourceTree = "<group>"; };
		84AD791E28FD2F8200518085 /* AFHTTPSessionManager+TSConfig.m */ = {isa = PBXFileReference; lastKnownFileType = sourcecode.c.objc; path = "AFHTTPSessionManager+TSConfig.m"; sourceTree = "<group>"; };
		84AD792028FD310C00518085 /* TSErrorManager.h */ = {isa = PBXFileReference; lastKnownFileType = sourcecode.c.h; path = TSErrorManager.h; sourceTree = "<group>"; };
		84AD792128FD310D00518085 /* TSErrorManager.m */ = {isa = PBXFileReference; lastKnownFileType = sourcecode.c.objc; path = TSErrorManager.m; sourceTree = "<group>"; };
		84AD792428FE501100518085 /* TSSettingHeaderView.h */ = {isa = PBXFileReference; lastKnownFileType = sourcecode.c.h; path = TSSettingHeaderView.h; sourceTree = "<group>"; };
		84AD792528FE501100518085 /* TSSettingHeaderView.m */ = {isa = PBXFileReference; lastKnownFileType = sourcecode.c.objc; path = TSSettingHeaderView.m; sourceTree = "<group>"; };
		84AD792728FE86A400518085 /* TSSettingViewCell.h */ = {isa = PBXFileReference; lastKnownFileType = sourcecode.c.h; path = TSSettingViewCell.h; sourceTree = "<group>"; };
		84AD792828FE86A400518085 /* TSSettingViewCell.m */ = {isa = PBXFileReference; lastKnownFileType = sourcecode.c.objc; path = TSSettingViewCell.m; sourceTree = "<group>"; };
		84C59028290FCCE9000DFC71 /* TSDataModel.h */ = {isa = PBXFileReference; lastKnownFileType = sourcecode.c.h; path = TSDataModel.h; sourceTree = "<group>"; };
		84C59029290FCCE9000DFC71 /* TSDataModel.m */ = {isa = PBXFileReference; lastKnownFileType = sourcecode.c.objc; path = TSDataModel.m; sourceTree = "<group>"; };
		84C5902B290FCD3C000DFC71 /* TSDataCollectionViewCell.h */ = {isa = PBXFileReference; lastKnownFileType = sourcecode.c.h; path = TSDataCollectionViewCell.h; sourceTree = "<group>"; };
		84C5902C290FCD3C000DFC71 /* TSDataCollectionViewCell.m */ = {isa = PBXFileReference; lastKnownFileType = sourcecode.c.objc; path = TSDataCollectionViewCell.m; sourceTree = "<group>"; };
		84E1CD09290F91EB00F4E937 /* TSDataLeftTitleView.h */ = {isa = PBXFileReference; lastKnownFileType = sourcecode.c.h; path = TSDataLeftTitleView.h; sourceTree = "<group>"; };
		84E1CD0A290F91EB00F4E937 /* TSDataLeftTitleView.m */ = {isa = PBXFileReference; lastKnownFileType = sourcecode.c.objc; path = TSDataLeftTitleView.m; sourceTree = "<group>"; };
		84E1CD0C290F920600F4E937 /* TSDataLeftContentView.h */ = {isa = PBXFileReference; lastKnownFileType = sourcecode.c.h; path = TSDataLeftContentView.h; sourceTree = "<group>"; };
		84E1CD0D290F920600F4E937 /* TSDataLeftContentView.m */ = {isa = PBXFileReference; lastKnownFileType = sourcecode.c.objc; path = TSDataLeftContentView.m; sourceTree = "<group>"; };
		84E1CD0F290F95C500F4E937 /* TSDataCoordinateViewController.h */ = {isa = PBXFileReference; lastKnownFileType = sourcecode.c.h; path = TSDataCoordinateViewController.h; sourceTree = "<group>"; };
		84E1CD10290F95C500F4E937 /* TSDataCoordinateViewController.m */ = {isa = PBXFileReference; lastKnownFileType = sourcecode.c.objc; path = TSDataCoordinateViewController.m; sourceTree = "<group>"; };
		84E1CD12290F961F00F4E937 /* TSDataAgileViewController.h */ = {isa = PBXFileReference; lastKnownFileType = sourcecode.c.h; path = TSDataAgileViewController.h; sourceTree = "<group>"; };
		84E1CD13290F961F00F4E937 /* TSDataAgileViewController.m */ = {isa = PBXFileReference; lastKnownFileType = sourcecode.c.objc; path = TSDataAgileViewController.m; sourceTree = "<group>"; };
		84E1CD15290F962E00F4E937 /* TSDataPowerViewController.h */ = {isa = PBXFileReference; lastKnownFileType = sourcecode.c.h; path = TSDataPowerViewController.h; sourceTree = "<group>"; };
		84E1CD16290F962E00F4E937 /* TSDataPowerViewController.m */ = {isa = PBXFileReference; lastKnownFileType = sourcecode.c.objc; path = TSDataPowerViewController.m; sourceTree = "<group>"; };
		84E1CD18290F963B00F4E937 /* TSDataBalanceViewController.h */ = {isa = PBXFileReference; lastKnownFileType = sourcecode.c.h; path = TSDataBalanceViewController.h; sourceTree = "<group>"; };
		84E1CD19290F963B00F4E937 /* TSDataBalanceViewController.m */ = {isa = PBXFileReference; lastKnownFileType = sourcecode.c.objc; path = TSDataBalanceViewController.m; sourceTree = "<group>"; };
		84E1CD1B290F964700F4E937 /* TSDataSpeedViewController.h */ = {isa = PBXFileReference; lastKnownFileType = sourcecode.c.h; path = TSDataSpeedViewController.h; sourceTree = "<group>"; };
		84E1CD1C290F964700F4E937 /* TSDataSpeedViewController.m */ = {isa = PBXFileReference; lastKnownFileType = sourcecode.c.objc; path = TSDataSpeedViewController.m; sourceTree = "<group>"; };
		84E1CD1E290F965C00F4E937 /* TSDataHeartRateViewController.h */ = {isa = PBXFileReference; lastKnownFileType = sourcecode.c.h; path = TSDataHeartRateViewController.h; sourceTree = "<group>"; };
		84E1CD1F290F965C00F4E937 /* TSDataHeartRateViewController.m */ = {isa = PBXFileReference; lastKnownFileType = sourcecode.c.objc; path = TSDataHeartRateViewController.m; sourceTree = "<group>"; };
		84E1CD21290FA9D800F4E937 /* VLPageMenuTitleView.h */ = {isa = PBXFileReference; lastKnownFileType = sourcecode.c.h; path = VLPageMenuTitleView.h; sourceTree = "<group>"; };
		84E1CD22290FA9D800F4E937 /* VLPageMenuTitleView.m */ = {isa = PBXFileReference; lastKnownFileType = sourcecode.c.objc; path = VLPageMenuTitleView.m; sourceTree = "<group>"; };
		84E1CD24290FA9EB00F4E937 /* VLPageMenuContentView.h */ = {isa = PBXFileReference; lastKnownFileType = sourcecode.c.h; path = VLPageMenuContentView.h; sourceTree = "<group>"; };
		84E1CD25290FA9EB00F4E937 /* VLPageMenuContentView.m */ = {isa = PBXFileReference; lastKnownFileType = sourcecode.c.objc; path = VLPageMenuContentView.m; sourceTree = "<group>"; };
		84F152EA28F941C40002B62C /* CustomKeyboard.h */ = {isa = PBXFileReference; lastKnownFileType = sourcecode.c.h; path = CustomKeyboard.h; sourceTree = "<group>"; };
		84F152EB28F941C40002B62C /* CustomKeyboard.m */ = {isa = PBXFileReference; lastKnownFileType = sourcecode.c.objc; path = CustomKeyboard.m; sourceTree = "<group>"; };
		84F152ED28FCE3B40002B62C /* UITextField+Common.h */ = {isa = PBXFileReference; lastKnownFileType = sourcecode.c.h; path = "UITextField+Common.h"; sourceTree = "<group>"; };
		84F152EE28FCE3B40002B62C /* UITextField+Common.m */ = {isa = PBXFileReference; lastKnownFileType = sourcecode.c.objc; path = "UITextField+Common.m"; sourceTree = "<group>"; };
		84F152F028FCE4100002B62C /* NSString+Common.h */ = {isa = PBXFileReference; lastKnownFileType = sourcecode.c.h; path = "NSString+Common.h"; sourceTree = "<group>"; };
		84F152F128FCE4100002B62C /* NSString+Common.m */ = {isa = PBXFileReference; lastKnownFileType = sourcecode.c.objc; path = "NSString+Common.m"; sourceTree = "<group>"; };
		84F152F328FCE5250002B62C /* YYKeychain.h */ = {isa = PBXFileReference; fileEncoding = 4; lastKnownFileType = sourcecode.c.h; path = YYKeychain.h; sourceTree = "<group>"; };
		84F152F428FCE5250002B62C /* YYKeychain.m */ = {isa = PBXFileReference; fileEncoding = 4; lastKnownFileType = sourcecode.c.objc; path = YYKeychain.m; sourceTree = "<group>"; };
		84F152F628FCE5510002B62C /* UIDevice+Common.h */ = {isa = PBXFileReference; lastKnownFileType = sourcecode.c.h; path = "UIDevice+Common.h"; sourceTree = "<group>"; };
		84F152F728FCE5510002B62C /* UIDevice+Common.m */ = {isa = PBXFileReference; lastKnownFileType = sourcecode.c.objc; path = "UIDevice+Common.m"; sourceTree = "<group>"; };
		84F152F928FCEDAB0002B62C /* CALayer+Common.h */ = {isa = PBXFileReference; lastKnownFileType = sourcecode.c.h; path = "CALayer+Common.h"; sourceTree = "<group>"; };
		84F152FA28FCEDAB0002B62C /* CALayer+Common.m */ = {isa = PBXFileReference; lastKnownFileType = sourcecode.c.objc; path = "CALayer+Common.m"; sourceTree = "<group>"; };
		84F152FC28FCEF5D0002B62C /* UIColor+Common.h */ = {isa = PBXFileReference; lastKnownFileType = sourcecode.c.h; path = "UIColor+Common.h"; sourceTree = "<group>"; };
		84F152FD28FCEF5D0002B62C /* UIColor+Common.m */ = {isa = PBXFileReference; lastKnownFileType = sourcecode.c.objc; path = "UIColor+Common.m"; sourceTree = "<group>"; };
		84F152FF28FCF38E0002B62C /* TSHandyColorTool.h */ = {isa = PBXFileReference; lastKnownFileType = sourcecode.c.h; path = TSHandyColorTool.h; sourceTree = "<group>"; };
		84F1530028FCF38E0002B62C /* TSHandyColorTool.m */ = {isa = PBXFileReference; lastKnownFileType = sourcecode.c.objc; path = TSHandyColorTool.m; sourceTree = "<group>"; };
		84F1530228FCF4250002B62C /* TSSizeAdaptationTool.h */ = {isa = PBXFileReference; lastKnownFileType = sourcecode.c.h; path = TSSizeAdaptationTool.h; sourceTree = "<group>"; };
		84F1530328FCF4250002B62C /* TSSizeAdaptationTool.m */ = {isa = PBXFileReference; lastKnownFileType = sourcecode.c.objc; path = TSSizeAdaptationTool.m; sourceTree = "<group>"; };
		84F1530528FCF54C0002B62C /* TSHelper.h */ = {isa = PBXFileReference; lastKnownFileType = sourcecode.c.h; path = TSHelper.h; sourceTree = "<group>"; };
		84F1530628FCF54C0002B62C /* TSHelper.m */ = {isa = PBXFileReference; lastKnownFileType = sourcecode.c.objc; path = TSHelper.m; sourceTree = "<group>"; };
		84F995C528F79ED900720A47 /* TSTrainView.h */ = {isa = PBXFileReference; lastKnownFileType = sourcecode.c.h; path = TSTrainView.h; sourceTree = "<group>"; };
		84F995C628F79ED900720A47 /* TSTrainView.m */ = {isa = PBXFileReference; lastKnownFileType = sourcecode.c.objc; path = TSTrainView.m; sourceTree = "<group>"; };
		84F995C828F79EEE00720A47 /* TSStudentTestView.h */ = {isa = PBXFileReference; lastKnownFileType = sourcecode.c.h; path = TSStudentTestView.h; sourceTree = "<group>"; };
		84F995C928F79EEE00720A47 /* TSStudentTestView.m */ = {isa = PBXFileReference; lastKnownFileType = sourcecode.c.objc; path = TSStudentTestView.m; sourceTree = "<group>"; };
		84F995CF28F7B04C00720A47 /* TSStudentTestModel.h */ = {isa = PBXFileReference; lastKnownFileType = sourcecode.c.h; path = TSStudentTestModel.h; sourceTree = "<group>"; };
		84F995D028F7B04C00720A47 /* TSStudentTestModel.m */ = {isa = PBXFileReference; lastKnownFileType = sourcecode.c.objc; path = TSStudentTestModel.m; sourceTree = "<group>"; };
		84F995D328F7BF6B00720A47 /* TSTrainDetailViewController.h */ = {isa = PBXFileReference; lastKnownFileType = sourcecode.c.h; path = TSTrainDetailViewController.h; sourceTree = "<group>"; };
		84F995D428F7BF6B00720A47 /* TSTrainDetailViewController.m */ = {isa = PBXFileReference; lastKnownFileType = sourcecode.c.objc; path = TSTrainDetailViewController.m; sourceTree = "<group>"; };
		84F995D628F7DDE300720A47 /* TSStudentTestLayout.h */ = {isa = PBXFileReference; lastKnownFileType = sourcecode.c.h; path = TSStudentTestLayout.h; sourceTree = "<group>"; };
		84F995D728F7DDE300720A47 /* TSStudentTestLayout.m */ = {isa = PBXFileReference; lastKnownFileType = sourcecode.c.objc; path = TSStudentTestLayout.m; sourceTree = "<group>"; };
		84F9963028F8F88700720A47 /* TSStudentTestCollectionViewCell.h */ = {isa = PBXFileReference; lastKnownFileType = sourcecode.c.h; path = TSStudentTestCollectionViewCell.h; sourceTree = "<group>"; };
		84F9963128F8F88700720A47 /* TSStudentTestCollectionViewCell.m */ = {isa = PBXFileReference; lastKnownFileType = sourcecode.c.objc; path = TSStudentTestCollectionViewCell.m; sourceTree = "<group>"; };
		84F9963228F8F88700720A47 /* TSStudentTestCollectionViewCell.xib */ = {isa = PBXFileReference; lastKnownFileType = file.xib; path = TSStudentTestCollectionViewCell.xib; sourceTree = "<group>"; };
/* End PBXFileReference section */

/* Begin PBXFrameworksBuildPhase section */
		84AA94B828F4F0D300B0EDEF /* Frameworks */ = {
			isa = PBXFrameworksBuildPhase;
			buildActionMask = 2147483647;
			files = (
				84AD78DC28FD05DA00518085 /* libssl.a in Frameworks */,
				84AD78DA28FD05DA00518085 /* libcrypto.a in Frameworks */,
			);
			runOnlyForDeploymentPostprocessing = 0;
		};
/* End PBXFrameworksBuildPhase section */

/* Begin PBXGroup section */
		842EE43B28F552EE003A7A04 /* Category */ = {
			isa = PBXGroup;
			children = (
				842EE45428F556B0003A7A04 /* UIView+Rect.h */,
				842EE45528F556B1003A7A04 /* UIView+Rect.m */,
				842EE49228F6BAB0003A7A04 /* UIButton+Common.h */,
				842EE49328F6BAB0003A7A04 /* UIButton+Common.m */,
				842EE49528F6BBA8003A7A04 /* NSObject+Common.h */,
				842EE49628F6BBA8003A7A04 /* NSObject+Common.m */,
				842EE49828F6C4BE003A7A04 /* NSDictionary+Common.h */,
				842EE49928F6C4BE003A7A04 /* NSDictionary+Common.m */,
				84F152ED28FCE3B40002B62C /* UITextField+Common.h */,
				84F152EE28FCE3B40002B62C /* UITextField+Common.m */,
				84F152F028FCE4100002B62C /* NSString+Common.h */,
				84F152F128FCE4100002B62C /* NSString+Common.m */,
				84F152F628FCE5510002B62C /* UIDevice+Common.h */,
				84F152F728FCE5510002B62C /* UIDevice+Common.m */,
				84F152F928FCEDAB0002B62C /* CALayer+Common.h */,
				84F152FA28FCEDAB0002B62C /* CALayer+Common.m */,
				84F152FC28FCEF5D0002B62C /* UIColor+Common.h */,
				84F152FD28FCEF5D0002B62C /* UIColor+Common.m */,
				84AD791D28FD2F8200518085 /* AFHTTPSessionManager+TSConfig.h */,
				84AD791E28FD2F8200518085 /* AFHTTPSessionManager+TSConfig.m */,
			);
			path = Category;
			sourceTree = "<group>";
		};
		842EE43C28F552EE003A7A04 /* Data */ = {
			isa = PBXGroup;
			children = (
				842EE43D28F552EE003A7A04 /* Controller */,
				842EE43E28F552EE003A7A04 /* Model */,
				842EE43F28F552EE003A7A04 /* View */,
			);
			path = Data;
			sourceTree = "<group>";
		};
		842EE43D28F552EE003A7A04 /* Controller */ = {
			isa = PBXGroup;
			children = (
				842EE48628F69E9F003A7A04 /* TSDataViewController.h */,
				842EE48728F69E9F003A7A04 /* TSDataViewController.m */,
				84E1CD0F290F95C500F4E937 /* TSDataCoordinateViewController.h */,
				84E1CD10290F95C500F4E937 /* TSDataCoordinateViewController.m */,
				84E1CD12290F961F00F4E937 /* TSDataAgileViewController.h */,
				84E1CD13290F961F00F4E937 /* TSDataAgileViewController.m */,
				84E1CD15290F962E00F4E937 /* TSDataPowerViewController.h */,
				84E1CD16290F962E00F4E937 /* TSDataPowerViewController.m */,
				84E1CD18290F963B00F4E937 /* TSDataBalanceViewController.h */,
				84E1CD19290F963B00F4E937 /* TSDataBalanceViewController.m */,
				84E1CD1B290F964700F4E937 /* TSDataSpeedViewController.h */,
				84E1CD1C290F964700F4E937 /* TSDataSpeedViewController.m */,
				84E1CD1E290F965C00F4E937 /* TSDataHeartRateViewController.h */,
				84E1CD1F290F965C00F4E937 /* TSDataHeartRateViewController.m */,
			);
			path = Controller;
			sourceTree = "<group>";
		};
		842EE43E28F552EE003A7A04 /* Model */ = {
			isa = PBXGroup;
			children = (
				84C59028290FCCE9000DFC71 /* TSDataModel.h */,
				84C59029290FCCE9000DFC71 /* TSDataModel.m */,
			);
			path = Model;
			sourceTree = "<group>";
		};
		842EE43F28F552EE003A7A04 /* View */ = {
			isa = PBXGroup;
			children = (
				84E1CD09290F91EB00F4E937 /* TSDataLeftTitleView.h */,
				84E1CD0A290F91EB00F4E937 /* TSDataLeftTitleView.m */,
				84E1CD0C290F920600F4E937 /* TSDataLeftContentView.h */,
				84E1CD0D290F920600F4E937 /* TSDataLeftContentView.m */,
				84C5902B290FCD3C000DFC71 /* TSDataCollectionViewCell.h */,
				84C5902C290FCD3C000DFC71 /* TSDataCollectionViewCell.m */,
			);
			path = View;
			sourceTree = "<group>";
		};
		842EE44028F552EE003A7A04 /* Training */ = {
			isa = PBXGroup;
			children = (
				842EE44128F552EE003A7A04 /* Controller */,
				842EE44228F552EE003A7A04 /* Model */,
				842EE44328F552EE003A7A04 /* View */,
			);
			path = Training;
			sourceTree = "<group>";
		};
		842EE44128F552EE003A7A04 /* Controller */ = {
			isa = PBXGroup;
			children = (
				842EE48328F69E77003A7A04 /* TSTrainingViewController.h */,
				842EE48428F69E77003A7A04 /* TSTrainingViewController.m */,
				84F995D328F7BF6B00720A47 /* TSTrainDetailViewController.h */,
				84F995D428F7BF6B00720A47 /* TSTrainDetailViewController.m */,
			);
			path = Controller;
			sourceTree = "<group>";
		};
		842EE44228F552EE003A7A04 /* Model */ = {
			isa = PBXGroup;
			children = (
				84F995CF28F7B04C00720A47 /* TSStudentTestModel.h */,
				84F995D028F7B04C00720A47 /* TSStudentTestModel.m */,
			);
			path = Model;
			sourceTree = "<group>";
		};
		842EE44328F552EE003A7A04 /* View */ = {
			isa = PBXGroup;
			children = (
				84F995C528F79ED900720A47 /* TSTrainView.h */,
				84F995C628F79ED900720A47 /* TSTrainView.m */,
				84F995C828F79EEE00720A47 /* TSStudentTestView.h */,
				84F995C928F79EEE00720A47 /* TSStudentTestView.m */,
				84F9963028F8F88700720A47 /* TSStudentTestCollectionViewCell.h */,
				84F9963128F8F88700720A47 /* TSStudentTestCollectionViewCell.m */,
				84F9963228F8F88700720A47 /* TSStudentTestCollectionViewCell.xib */,
				84F995D628F7DDE300720A47 /* TSStudentTestLayout.h */,
				84F995D728F7DDE300720A47 /* TSStudentTestLayout.m */,
			);
			path = View;
			sourceTree = "<group>";
		};
		842EE44428F552EE003A7A04 /* Lib */ = {
			isa = PBXGroup;
			children = (
				84AD78E528FD2E0600518085 /* AFNetworking */,
				84AD78DD28FD06BB00518085 /* Base64 */,
				84AD788928FD05DA00518085 /* Openssl */,
				84F152F328FCE5250002B62C /* YYKeychain.h */,
				84F152F428FCE5250002B62C /* YYKeychain.m */,
				84AD788328FD02F500518085 /* GTMBase64.h */,
				84AD788228FD02F500518085 /* GTMBase64.m */,
				84AD788428FD02F500518085 /* GTMDefines.h */,
				84AD788628FD04B800518085 /* OpenSSLRSAWrapper.h */,
				84AD788728FD04B800518085 /* OpenSSLRSAWrapper.m */,
			);
			path = Lib;
			sourceTree = "<group>";
		};
		842EE44528F552EE003A7A04 /* NetWork */ = {
			isa = PBXGroup;
			children = (
			);
			path = NetWork;
			sourceTree = "<group>";
		};
		842EE44628F552EE003A7A04 /* Tools */ = {
			isa = PBXGroup;
			children = (
				84F152FF28FCF38E0002B62C /* TSHandyColorTool.h */,
				84F1530028FCF38E0002B62C /* TSHandyColorTool.m */,
				84F1530228FCF4250002B62C /* TSSizeAdaptationTool.h */,
				84F1530328FCF4250002B62C /* TSSizeAdaptationTool.m */,
				84F1530528FCF54C0002B62C /* TSHelper.h */,
				84F1530628FCF54C0002B62C /* TSHelper.m */,
				84AD787F28FD029800518085 /* CheckHelper.h */,
				84AD788028FD029800518085 /* CheckHelper.m */,
				84AD791728FD2E3B00518085 /* TSNetWorkManage.h */,
				84AD791828FD2E3B00518085 /* TSNetWorkManage.m */,
				84AD792028FD310C00518085 /* TSErrorManager.h */,
				84AD792128FD310D00518085 /* TSErrorManager.m */,
			);
			path = Tools;
			sourceTree = "<group>";
		};
		842EE44728F552EE003A7A04 /* Login */ = {
			isa = PBXGroup;
			children = (
				842EE44828F552EE003A7A04 /* Controller */,
				842EE44928F552EE003A7A04 /* Model */,
				842EE44A28F552EE003A7A04 /* View */,
			);
			path = Login;
			sourceTree = "<group>";
		};
		842EE44828F552EE003A7A04 /* Controller */ = {
			isa = PBXGroup;
			children = (
				842EE46128F64C97003A7A04 /* TSLoginViewController.h */,
				842EE46228F64C97003A7A04 /* TSLoginViewController.m */,
			);
			path = Controller;
			sourceTree = "<group>";
		};
		842EE44928F552EE003A7A04 /* Model */ = {
			isa = PBXGroup;
			children = (
			);
			path = Model;
			sourceTree = "<group>";
		};
		842EE44A28F552EE003A7A04 /* View */ = {
			isa = PBXGroup;
			children = (
			);
			path = View;
			sourceTree = "<group>";
		};
		842EE44B28F552EE003A7A04 /* Setting */ = {
			isa = PBXGroup;
			children = (
				842EE48E28F69EE1003A7A04 /* Controller */,
				842EE48C28F69EE1003A7A04 /* Model */,
				842EE48D28F69EE1003A7A04 /* View */,
			);
			path = Setting;
			sourceTree = "<group>";
		};
		842EE44C28F552EE003A7A04 /* Task */ = {
			isa = PBXGroup;
			children = (
				842EE44D28F552EE003A7A04 /* Controller */,
				842EE44E28F552EE003A7A04 /* Model */,
				842EE44F28F552EE003A7A04 /* View */,
			);
			path = Task;
			sourceTree = "<group>";
		};
		842EE44D28F552EE003A7A04 /* Controller */ = {
			isa = PBXGroup;
			children = (
				842EE48928F69EB9003A7A04 /* TSTaskViewController.h */,
				842EE48A28F69EB9003A7A04 /* TSTaskViewController.m */,
			);
			path = Controller;
			sourceTree = "<group>";
		};
		842EE44E28F552EE003A7A04 /* Model */ = {
			isa = PBXGroup;
			children = (
				8401DE4E2906864C0008ADF2 /* TSTaskHeaderModel.h */,
				8401DE4F2906864C0008ADF2 /* TSTaskHeaderModel.m */,
			);
			path = Model;
			sourceTree = "<group>";
		};
		842EE44F28F552EE003A7A04 /* View */ = {
			isa = PBXGroup;
			children = (
				8401DE4B29067D8C0008ADF2 /* TSTaskHeaderView.h */,
				8401DE4C29067D8C0008ADF2 /* TSTaskHeaderView.m */,
				8401DE5229068DA70008ADF2 /* TSTaskHeaderItemView.h */,
				8401DE5329068DA70008ADF2 /* TSTaskHeaderItemView.m */,
				8401DE58290778760008ADF2 /* TSTaskCompletedView.h */,
				8401DE59290778760008ADF2 /* TSTaskCompletedView.m */,
				8401DE65290788210008ADF2 /* TSTaskCompletedCell.h */,
				8401DE66290788210008ADF2 /* TSTaskCompletedCell.m */,
				8401DE67290788210008ADF2 /* TSTaskCompletedCell.xib */,
				8401DE6A2907CB020008ADF2 /* TSTaskViewCell.h */,
				8401DE6B2907CB020008ADF2 /* TSTaskViewCell.m */,
			);
			path = View;
			sourceTree = "<group>";
		};
		842EE45028F55355003A7A04 /* Base */ = {
			isa = PBXGroup;
			children = (
				842EE45128F55355003A7A04 /* Controller */,
				842EE45228F55355003A7A04 /* Model */,
				842EE45328F55355003A7A04 /* View */,
			);
			path = Base;
			sourceTree = "<group>";
		};
		842EE45128F55355003A7A04 /* Controller */ = {
			isa = PBXGroup;
			children = (
				842EE47A28F69DB8003A7A04 /* TSBaseViewController.h */,
				842EE47B28F69DB8003A7A04 /* TSBaseViewController.m */,
			);
			path = Controller;
			sourceTree = "<group>";
		};
		842EE45228F55355003A7A04 /* Model */ = {
			isa = PBXGroup;
			children = (
				842EE48028F69DE3003A7A04 /* TSBaseModel.h */,
				842EE48128F69DE3003A7A04 /* TSBaseModel.m */,
			);
			path = Model;
			sourceTree = "<group>";
		};
		842EE45328F55355003A7A04 /* View */ = {
			isa = PBXGroup;
			children = (
				842EE47D28F69DCC003A7A04 /* TSBaseView.h */,
				842EE47E28F69DCC003A7A04 /* TSBaseView.m */,
			);
			path = View;
			sourceTree = "<group>";
		};
		842EE46A28F6962A003A7A04 /* Home */ = {
			isa = PBXGroup;
			children = (
				842EE46B28F6962A003A7A04 /* Controller */,
				842EE46C28F6962A003A7A04 /* Model */,
				842EE46D28F6962A003A7A04 /* View */,
			);
			path = Home;
			sourceTree = "<group>";
		};
		842EE46B28F6962A003A7A04 /* Controller */ = {
			isa = PBXGroup;
			children = (
				842EE46E28F6966A003A7A04 /* TSHomeViewController.h */,
				842EE46F28F6966A003A7A04 /* TSHomeViewController.m */,
			);
			path = Controller;
			sourceTree = "<group>";
		};
		842EE46C28F6962A003A7A04 /* Model */ = {
			isa = PBXGroup;
			children = (
			);
			path = Model;
			sourceTree = "<group>";
		};
		842EE46D28F6962A003A7A04 /* View */ = {
			isa = PBXGroup;
			children = (
				842EE47428F69712003A7A04 /* TSHomeLeftTitleView.h */,
				842EE47528F69712003A7A04 /* TSHomeLeftTitleView.m */,
				842EE47728F69721003A7A04 /* TSHomeLeftContentView.h */,
				842EE47828F69721003A7A04 /* TSHomeLeftContentView.m */,
			);
			path = View;
			sourceTree = "<group>";
		};
		842EE48C28F69EE1003A7A04 /* Model */ = {
			isa = PBXGroup;
			children = (
			);
			path = Model;
			sourceTree = "<group>";
		};
		842EE48D28F69EE1003A7A04 /* View */ = {
			isa = PBXGroup;
			children = (
				84AD792428FE501100518085 /* TSSettingHeaderView.h */,
				84AD792528FE501100518085 /* TSSettingHeaderView.m */,
				84AD792728FE86A400518085 /* TSSettingViewCell.h */,
				84AD792828FE86A400518085 /* TSSettingViewCell.m */,
			);
			path = View;
			sourceTree = "<group>";
		};
		842EE48E28F69EE1003A7A04 /* Controller */ = {
			isa = PBXGroup;
			children = (
				842EE48F28F69EEF003A7A04 /* TSSettingViewController.h */,
				842EE49028F69EEF003A7A04 /* TSSettingViewController.m */,
			);
			path = Controller;
			sourceTree = "<group>";
		};
		84AA94B228F4F0D300B0EDEF = {
			isa = PBXGroup;
			children = (
				84AA94BD28F4F0D300B0EDEF /* trackingsport */,
				84AA94BC28F4F0D300B0EDEF /* Products */,
			);
			sourceTree = "<group>";
		};
		84AA94BC28F4F0D300B0EDEF /* Products */ = {
			isa = PBXGroup;
			children = (
				84AA94BB28F4F0D300B0EDEF /* trackingsport.app */,
			);
			name = Products;
			sourceTree = "<group>";
		};
		84AA94BD28F4F0D300B0EDEF /* trackingsport */ = {
			isa = PBXGroup;
			children = (
				84F152E928F941990002B62C /* Commons */,
				842EE46A28F6962A003A7A04 /* Home */,
				842EE45028F55355003A7A04 /* Base */,
				842EE43B28F552EE003A7A04 /* Category */,
				842EE43C28F552EE003A7A04 /* Data */,
				842EE44428F552EE003A7A04 /* Lib */,
				842EE44728F552EE003A7A04 /* Login */,
				842EE44528F552EE003A7A04 /* NetWork */,
				842EE44B28F552EE003A7A04 /* Setting */,
				842EE44C28F552EE003A7A04 /* Task */,
				842EE44628F552EE003A7A04 /* Tools */,
				842EE44028F552EE003A7A04 /* Training */,
				84AA94BE28F4F0D300B0EDEF /* AppDelegate.h */,
				84AA94BF28F4F0D300B0EDEF /* AppDelegate.m */,
				84AA94C128F4F0D300B0EDEF /* SceneDelegate.h */,
				84AA94C228F4F0D300B0EDEF /* SceneDelegate.m */,
				842EE46528F656B2003A7A04 /* TSMacros_h.h */,
				842EE46628F66296003A7A04 /* TrackingSport_pch.h */,
				84AA94C728F4F0D300B0EDEF /* Main.storyboard */,
				84AA94CA28F4F0D500B0EDEF /* Assets.xcassets */,
				84AA94CC28F4F0D500B0EDEF /* LaunchScreen.storyboard */,
				84AA94CF28F4F0D500B0EDEF /* Info.plist */,
				84AA94D028F4F0D500B0EDEF /* main.m */,
			);
			path = trackingsport;
			sourceTree = "<group>";
		};
		84AD788928FD05DA00518085 /* Openssl */ = {
			isa = PBXGroup;
			children = (
				84AD788A28FD05DA00518085 /* libcrypto.a */,
				84AD788B28FD05DA00518085 /* include */,
				84AD78D928FD05DA00518085 /* libssl.a */,
			);
			path = Openssl;
			sourceTree = "<group>";
		};
		84AD788B28FD05DA00518085 /* include */ = {
			isa = PBXGroup;
			children = (
				84AD788C28FD05DA00518085 /* LICENSE */,
				84AD788D28FD05DA00518085 /* openssl */,
			);
			path = include;
			sourceTree = "<group>";
		};
		84AD788D28FD05DA00518085 /* openssl */ = {
			isa = PBXGroup;
			children = (
				84AD788E28FD05DA00518085 /* pem2.h */,
				84AD788F28FD05DA00518085 /* pem.h */,
				84AD789028FD05DA00518085 /* ssl3.h */,
				84AD789128FD05DA00518085 /* ossl_typ.h */,
				84AD789228FD05DA00518085 /* dtls1.h */,
				84AD789328FD05DA00518085 /* err.h */,
				84AD789428FD05DA00518085 /* bn.h */,
				84AD789528FD05DA00518085 /* blowfish.h */,
				84AD789628FD05DA00518085 /* cms.h */,
				84AD789728FD05DA00518085 /* engine.h */,
				84AD789828FD05DA00518085 /* conf_api.h */,
				84AD789928FD05DA00518085 /* x509.h */,
				84AD789A28FD05DA00518085 /* asn1_mac.h */,
				84AD789B28FD05DA00518085 /* ui.h */,
				84AD789C28FD05DA00518085 /* kssl.h */,
				84AD789D28FD05DA00518085 /* sha.h */,
				84AD789E28FD05DA00518085 /* symhacks.h */,
				84AD789F28FD05DA00518085 /* asn1.h */,
				84AD78A028FD05DA00518085 /* opensslconf.h */,
				84AD78A128FD05DA00518085 /* bio.h */,
				84AD78A228FD05DA00518085 /* rc2.h */,
				84AD78A328FD05DA00518085 /* dh.h */,
				84AD78A428FD05DA00518085 /* ui_compat.h */,
				84AD78A528FD05DA00518085 /* x509v3.h */,
				84AD78A628FD05DA00518085 /* ssl23.h */,
				84AD78A728FD05DA00518085 /* conf.h */,
				84AD78A828FD05DA00518085 /* md5.h */,
				84AD78A928FD05DA00518085 /* x509_vfy.h */,
				84AD78AA28FD05DA00518085 /* txt_db.h */,
				84AD78AB28FD05DA00518085 /* safestack.h */,
				84AD78AC28FD05DA00518085 /* ecdsa.h */,
				84AD78AD28FD05DA00518085 /* objects.h */,
				84AD78AE28FD05DA00518085 /* pkcs12.h */,
				84AD78AF28FD05DA00518085 /* crypto.h */,
				84AD78B028FD05DA00518085 /* opensslv.h */,
				84AD78B128FD05DA00518085 /* pkcs7.h */,
				84AD78B228FD05DA00518085 /* obj_mac.h */,
				84AD78B328FD05DA00518085 /* buffer.h */,
				84AD78B428FD05DA00518085 /* ssl.h */,
				84AD78B528FD05DA00518085 /* srp.h */,
				84AD78B628FD05DA00518085 /* camellia.h */,
				84AD78B728FD05DA00518085 /* evp.h */,
				84AD78B828FD05DA00518085 /* e_os2.h */,
				84AD78B928FD05DA00518085 /* md4.h */,
				84AD78BA28FD05DA00518085 /* hmac.h */,
				84AD78BB28FD05DA00518085 /* aes.h */,
				84AD78BC28FD05DA00518085 /* comp.h */,
				84AD78BD28FD05DA00518085 /* cast.h */,
				84AD78BE28FD05DA00518085 /* rc4.h */,
				84AD78BF28FD05DA00518085 /* stack.h */,
				84AD78C028FD05DA00518085 /* des.h */,
				84AD78C128FD05DA00518085 /* ocsp.h */,
				84AD78C228FD05DA00518085 /* ec.h */,
				84AD78C328FD05DA00518085 /* ecdh.h */,
				84AD78C428FD05DA00518085 /* rand.h */,
				84AD78C528FD05DA00518085 /* ts.h */,
				84AD78C628FD05DA00518085 /* pqueue.h */,
				84AD78C728FD05DA00518085 /* dso.h */,
				84AD78C828FD05DA00518085 /* seed.h */,
				84AD78C928FD05DA00518085 /* modes.h */,
				84AD78CA28FD05DA00518085 /* ssl2.h */,
				84AD78CB28FD05DA00518085 /* rsa.h */,
				84AD78CC28FD05DA00518085 /* krb5_asn.h */,
				84AD78CD28FD05DA00518085 /* des_old.h */,
				84AD78CE28FD05DA00518085 /* ripemd.h */,
				84AD78CF28FD05DA00518085 /* whrlpool.h */,
				84AD78D028FD05DA00518085 /* tls1.h */,
				84AD78D128FD05DA00518085 /* mdc2.h */,
				84AD78D228FD05DA00518085 /* dsa.h */,
				84AD78D328FD05DA00518085 /* srtp.h */,
				84AD78D428FD05DA00518085 /* asn1t.h */,
				84AD78D528FD05DA00518085 /* cmac.h */,
				84AD78D628FD05DA00518085 /* ebcdic.h */,
				84AD78D728FD05DA00518085 /* idea.h */,
				84AD78D828FD05DA00518085 /* lhash.h */,
			);
			path = openssl;
			sourceTree = "<group>";
		};
		84AD78DD28FD06BB00518085 /* Base64 */ = {
			isa = PBXGroup;
			children = (
				84AD78DE28FD06BB00518085 /* NSString+Base64.m */,
				84AD78DF28FD06BB00518085 /* NSData+Base64.h */,
				84AD78E028FD06BB00518085 /* NSString+Base64.h */,
				84AD78E128FD06BB00518085 /* NSData+Base64.m */,
			);
			path = Base64;
			sourceTree = "<group>";
		};
		84AD78E528FD2E0600518085 /* AFNetworking */ = {
			isa = PBXGroup;
			children = (
				84AD78E628FD2E0600518085 /* AFSecurityPolicy.h */,
				84AD78E728FD2E0600518085 /* AFNetworkReachabilityManager.h */,
				84AD78E828FD2E0600518085 /* AFURLSessionManager.h */,
				84AD78E928FD2E0600518085 /* AFURLRequestSerialization.h */,
				84AD78EA28FD2E0600518085 /* AFURLResponseSerialization.m */,
				84AD78EB28FD2E0600518085 /* AFHTTPSessionManager.m */,
				84AD78EC28FD2E0600518085 /* AFURLResponseSerialization.h */,
				84AD78ED28FD2E0600518085 /* AFURLSessionManager.m */,
				84AD78EE28FD2E0600518085 /* AFURLRequestSerialization.m */,
				84AD78EF28FD2E0600518085 /* AFNetworking.h */,
				84AD78F028FD2E0600518085 /* AFNetworkReachabilityManager.m */,
				84AD78F128FD2E0600518085 /* AFSecurityPolicy.m */,
				84AD78F228FD2E0600518085 /* UIKit+AFNetworking */,
				84AD790728FD2E0600518085 /* AFHTTPSessionManager.h */,
			);
			path = AFNetworking;
			sourceTree = "<group>";
		};
		84AD78F228FD2E0600518085 /* UIKit+AFNetworking */ = {
			isa = PBXGroup;
			children = (
				84AD78F328FD2E0600518085 /* UIProgressView+AFNetworking.m */,
				84AD78F428FD2E0600518085 /* UIButton+AFNetworking.h */,
				84AD78F528FD2E0600518085 /* UIRefreshControl+AFNetworking.m */,
				84AD78F628FD2E0600518085 /* UIImageView+AFNetworking.h */,
				84AD78F728FD2E0600518085 /* AFImageDownloader.h */,
				84AD78F828FD2E0600518085 /* AFNetworkActivityIndicatorManager.m */,
				84AD78F928FD2E0600518085 /* AFAutoPurgingImageCache.h */,
				84AD78FA28FD2E0600518085 /* UIWebView+AFNetworking.h */,
				84AD78FB28FD2E0600518085 /* UIActivityIndicatorView+AFNetworking.h */,
				84AD78FC28FD2E0600518085 /* UIImage+AFNetworking.h */,
				84AD78FD28FD2E0600518085 /* UIProgressView+AFNetworking.h */,
				84AD78FE28FD2E0600518085 /* UIImageView+AFNetworking.m */,
				84AD78FF28FD2E0600518085 /* UIKit+AFNetworking.h */,
				84AD790028FD2E0600518085 /* UIRefreshControl+AFNetworking.h */,
				84AD790128FD2E0600518085 /* UIButton+AFNetworking.m */,
				84AD790228FD2E0600518085 /* UIActivityIndicatorView+AFNetworking.m */,
				84AD790328FD2E0600518085 /* UIWebView+AFNetworking.m */,
				84AD790428FD2E0600518085 /* AFAutoPurgingImageCache.m */,
				84AD790528FD2E0600518085 /* AFNetworkActivityIndicatorManager.h */,
				84AD790628FD2E0600518085 /* AFImageDownloader.m */,
			);
			path = "UIKit+AFNetworking";
			sourceTree = "<group>";
		};
		84F152E928F941990002B62C /* Commons */ = {
			isa = PBXGroup;
			children = (
				84F152EA28F941C40002B62C /* CustomKeyboard.h */,
				84F152EB28F941C40002B62C /* CustomKeyboard.m */,
				84E1CD21290FA9D800F4E937 /* VLPageMenuTitleView.h */,
				84E1CD22290FA9D800F4E937 /* VLPageMenuTitleView.m */,
				84E1CD24290FA9EB00F4E937 /* VLPageMenuContentView.h */,
				84E1CD25290FA9EB00F4E937 /* VLPageMenuContentView.m */,
			);
			path = Commons;
			sourceTree = "<group>";
		};
/* End PBXGroup section */

/* Begin PBXNativeTarget section */
		84AA94BA28F4F0D300B0EDEF /* trackingsport */ = {
			isa = PBXNativeTarget;
			buildConfigurationList = 84AA94D428F4F0D500B0EDEF /* Build configuration list for PBXNativeTarget "trackingsport" */;
			buildPhases = (
				84AA94B728F4F0D300B0EDEF /* Sources */,
				84AA94B828F4F0D300B0EDEF /* Frameworks */,
				84AA94B928F4F0D300B0EDEF /* Resources */,
			);
			buildRules = (
			);
			dependencies = (
			);
			name = trackingsport;
			productName = trackingsport;
			productReference = 84AA94BB28F4F0D300B0EDEF /* trackingsport.app */;
			productType = "com.apple.product-type.application";
		};
/* End PBXNativeTarget section */

/* Begin PBXProject section */
		84AA94B328F4F0D300B0EDEF /* Project object */ = {
			isa = PBXProject;
			attributes = {
				BuildIndependentTargetsInParallel = 1;
				LastUpgradeCheck = 1330;
				TargetAttributes = {
					84AA94BA28F4F0D300B0EDEF = {
						CreatedOnToolsVersion = 13.3;
					};
				};
			};
			buildConfigurationList = 84AA94B628F4F0D300B0EDEF /* Build configuration list for PBXProject "trackingsport" */;
			compatibilityVersion = "Xcode 13.0";
			developmentRegion = en;
			hasScannedForEncodings = 0;
			knownRegions = (
				en,
				Base,
			);
			mainGroup = 84AA94B228F4F0D300B0EDEF;
			productRefGroup = 84AA94BC28F4F0D300B0EDEF /* Products */;
			projectDirPath = "";
			projectRoot = "";
			targets = (
				84AA94BA28F4F0D300B0EDEF /* trackingsport */,
			);
		};
/* End PBXProject section */

/* Begin PBXResourcesBuildPhase section */
		84AA94B928F4F0D300B0EDEF /* Resources */ = {
			isa = PBXResourcesBuildPhase;
			buildActionMask = 2147483647;
			files = (
				84AA94CE28F4F0D500B0EDEF /* LaunchScreen.storyboard in Resources */,
				84AA94CB28F4F0D500B0EDEF /* Assets.xcassets in Resources */,
				84AA94C928F4F0D300B0EDEF /* Main.storyboard in Resources */,
				8401DE69290788210008ADF2 /* TSTaskCompletedCell.xib in Resources */,
				84F9963428F8F88700720A47 /* TSStudentTestCollectionViewCell.xib in Resources */,
				84AD78DB28FD05DA00518085 /* LICENSE in Resources */,
			);
			runOnlyForDeploymentPostprocessing = 0;
		};
/* End PBXResourcesBuildPhase section */

/* Begin PBXSourcesBuildPhase section */
		84AA94B728F4F0D300B0EDEF /* Sources */ = {
			isa = PBXSourcesBuildPhase;
			buildActionMask = 2147483647;
			files = (
				842EE47028F6966A003A7A04 /* TSHomeViewController.m in Sources */,
				84AD790D28FD2E0600518085 /* AFSecurityPolicy.m in Sources */,
				842EE49A28F6C4BE003A7A04 /* NSDictionary+Common.m in Sources */,
				842EE46328F64C97003A7A04 /* TSLoginViewController.m in Sources */,
				84AD790A28FD2E0600518085 /* AFURLSessionManager.m in Sources */,
				842EE47F28F69DCC003A7A04 /* TSBaseView.m in Sources */,
				84F152FE28FCEF5D0002B62C /* UIColor+Common.m in Sources */,
				8401DE68290788210008ADF2 /* TSTaskCompletedCell.m in Sources */,
				84F1530128FCF38E0002B62C /* TSHandyColorTool.m in Sources */,
				84AD791428FD2E0600518085 /* UIWebView+AFNetworking.m in Sources */,
				84E1CD0E290F920600F4E937 /* TSDataLeftContentView.m in Sources */,
				84F995D828F7DDE300720A47 /* TSStudentTestLayout.m in Sources */,
				84AD788528FD02F500518085 /* GTMBase64.m in Sources */,
				8401DE4D29067D8C0008ADF2 /* TSTaskHeaderView.m in Sources */,
				842EE48528F69E77003A7A04 /* TSTrainingViewController.m in Sources */,
				84E1CD1D290F964700F4E937 /* TSDataSpeedViewController.m in Sources */,
				84F152EF28FCE3B40002B62C /* UITextField+Common.m in Sources */,
				84E1CD0B290F91EB00F4E937 /* TSDataLeftTitleView.m in Sources */,
				84E1CD17290F962E00F4E937 /* TSDataPowerViewController.m in Sources */,
				8401DE502906864C0008ADF2 /* TSTaskHeaderModel.m in Sources */,
				84AD791328FD2E0600518085 /* UIActivityIndicatorView+AFNetworking.m in Sources */,
				84AD78E228FD06BB00518085 /* NSString+Base64.m in Sources */,
				84AD78E328FD06BB00518085 /* NSData+Base64.m in Sources */,
				84E1CD14290F961F00F4E937 /* TSDataAgileViewController.m in Sources */,
				842EE47C28F69DB8003A7A04 /* TSBaseViewController.m in Sources */,
				842EE49428F6BAB0003A7A04 /* UIButton+Common.m in Sources */,
				84AD790828FD2E0600518085 /* AFURLResponseSerialization.m in Sources */,
				84AD788128FD029800518085 /* CheckHelper.m in Sources */,
				84AA94C028F4F0D300B0EDEF /* AppDelegate.m in Sources */,
				84E1CD23290FA9D800F4E937 /* VLPageMenuTitleView.m in Sources */,
				84AD791528FD2E0600518085 /* AFAutoPurgingImageCache.m in Sources */,
				842EE48B28F69EB9003A7A04 /* TSTaskViewController.m in Sources */,
				84AD791028FD2E0600518085 /* AFNetworkActivityIndicatorManager.m in Sources */,
				84AD790F28FD2E0600518085 /* UIRefreshControl+AFNetworking.m in Sources */,
				84F995C728F79ED900720A47 /* TSTrainView.m in Sources */,
				84F152F828FCE5510002B62C /* UIDevice+Common.m in Sources */,
				84F1530428FCF4250002B62C /* TSSizeAdaptationTool.m in Sources */,
				842EE47928F69721003A7A04 /* TSHomeLeftContentView.m in Sources */,
				84C5902A290FCCE9000DFC71 /* TSDataModel.m in Sources */,
				84AD791628FD2E0600518085 /* AFImageDownloader.m in Sources */,
				84AD791228FD2E0600518085 /* UIButton+AFNetworking.m in Sources */,
				84F152F528FCE5250002B62C /* YYKeychain.m in Sources */,
				8401DE5A290778760008ADF2 /* TSTaskCompletedView.m in Sources */,
				84AD790B28FD2E0600518085 /* AFURLRequestSerialization.m in Sources */,
				84AD792228FD310D00518085 /* TSErrorManager.m in Sources */,
				84AD790E28FD2E0600518085 /* UIProgressView+AFNetworking.m in Sources */,
				84F995CA28F79EEE00720A47 /* TSStudentTestView.m in Sources */,
				8401DE6D2907CB020008ADF2 /* TSTaskViewCell.m in Sources */,
				842EE49728F6BBA8003A7A04 /* NSObject+Common.m in Sources */,
				84AD788828FD04B800518085 /* OpenSSLRSAWrapper.m in Sources */,
				8401DE5429068DA70008ADF2 /* TSTaskHeaderItemView.m in Sources */,
				84F995D528F7BF6B00720A47 /* TSTrainDetailViewController.m in Sources */,
				84AD792628FE501100518085 /* TSSettingHeaderView.m in Sources */,
				84AD791128FD2E0600518085 /* UIImageView+AFNetworking.m in Sources */,
				842EE49128F69EEF003A7A04 /* TSSettingViewController.m in Sources */,
				84AD791928FD2E3B00518085 /* TSNetWorkManage.m in Sources */,
				842EE48228F69DE3003A7A04 /* TSBaseModel.m in Sources */,
				84F152EC28F941C40002B62C /* CustomKeyboard.m in Sources */,
				84F1530728FCF54C0002B62C /* TSHelper.m in Sources */,
				842EE45628F556B1003A7A04 /* UIView+Rect.m in Sources */,
				84E1CD20290F965C00F4E937 /* TSDataHeartRateViewController.m in Sources */,
				84C5902D290FCD3C000DFC71 /* TSDataCollectionViewCell.m in Sources */,
				84AD792928FE86A400518085 /* TSSettingViewCell.m in Sources */,
				84F152FB28FCEDAB0002B62C /* CALayer+Common.m in Sources */,
				842EE47628F69712003A7A04 /* TSHomeLeftTitleView.m in Sources */,
				84AD790928FD2E0600518085 /* AFHTTPSessionManager.m in Sources */,
				84AD791F28FD2F8200518085 /* AFHTTPSessionManager+TSConfig.m in Sources */,
				84AA94D128F4F0D500B0EDEF /* main.m in Sources */,
				842EE48828F69E9F003A7A04 /* TSDataViewController.m in Sources */,
				84E1CD26290FA9EB00F4E937 /* VLPageMenuContentView.m in Sources */,
				84F9963328F8F88700720A47 /* TSStudentTestCollectionViewCell.m in Sources */,
				84F995D128F7B04C00720A47 /* TSStudentTestModel.m in Sources */,
				84F152F228FCE4100002B62C /* NSString+Common.m in Sources */,
				84AD790C28FD2E0600518085 /* AFNetworkReachabilityManager.m in Sources */,
				84E1CD11290F95C500F4E937 /* TSDataCoordinateViewController.m in Sources */,
				84E1CD1A290F963B00F4E937 /* TSDataBalanceViewController.m in Sources */,
				84AA94C328F4F0D300B0EDEF /* SceneDelegate.m in Sources */,
			);
			runOnlyForDeploymentPostprocessing = 0;
		};
/* End PBXSourcesBuildPhase section */

/* Begin PBXVariantGroup section */
		84AA94C728F4F0D300B0EDEF /* Main.storyboard */ = {
			isa = PBXVariantGroup;
			children = (
				84AA94C828F4F0D300B0EDEF /* Base */,
			);
			name = Main.storyboard;
			sourceTree = "<group>";
		};
		84AA94CC28F4F0D500B0EDEF /* LaunchScreen.storyboard */ = {
			isa = PBXVariantGroup;
			children = (
				84AA94CD28F4F0D500B0EDEF /* Base */,
			);
			name = LaunchScreen.storyboard;
			sourceTree = "<group>";
		};
/* End PBXVariantGroup section */

/* Begin XCBuildConfiguration section */
		84AA94D228F4F0D500B0EDEF /* Debug */ = {
			isa = XCBuildConfiguration;
			buildSettings = {
				ALWAYS_SEARCH_USER_PATHS = NO;
				CLANG_ANALYZER_NONNULL = YES;
				CLANG_ANALYZER_NUMBER_OBJECT_CONVERSION = YES_AGGRESSIVE;
				CLANG_CXX_LANGUAGE_STANDARD = "gnu++17";
				CLANG_ENABLE_MODULES = YES;
				CLANG_ENABLE_OBJC_ARC = YES;
				CLANG_ENABLE_OBJC_WEAK = YES;
				CLANG_WARN_BLOCK_CAPTURE_AUTORELEASING = YES;
				CLANG_WARN_BOOL_CONVERSION = YES;
				CLANG_WARN_COMMA = YES;
				CLANG_WARN_CONSTANT_CONVERSION = YES;
				CLANG_WARN_DEPRECATED_OBJC_IMPLEMENTATIONS = YES;
				CLANG_WARN_DIRECT_OBJC_ISA_USAGE = YES_ERROR;
				CLANG_WARN_DOCUMENTATION_COMMENTS = YES;
				CLANG_WARN_EMPTY_BODY = YES;
				CLANG_WARN_ENUM_CONVERSION = YES;
				CLANG_WARN_INFINITE_RECURSION = YES;
				CLANG_WARN_INT_CONVERSION = YES;
				CLANG_WARN_NON_LITERAL_NULL_CONVERSION = YES;
				CLANG_WARN_OBJC_IMPLICIT_RETAIN_SELF = YES;
				CLANG_WARN_OBJC_LITERAL_CONVERSION = YES;
				CLANG_WARN_OBJC_ROOT_CLASS = YES_ERROR;
				CLANG_WARN_QUOTED_INCLUDE_IN_FRAMEWORK_HEADER = YES;
				CLANG_WARN_RANGE_LOOP_ANALYSIS = YES;
				CLANG_WARN_STRICT_PROTOTYPES = YES;
				CLANG_WARN_SUSPICIOUS_MOVE = YES;
				CLANG_WARN_UNGUARDED_AVAILABILITY = YES_AGGRESSIVE;
				CLANG_WARN_UNREACHABLE_CODE = YES;
				CLANG_WARN__DUPLICATE_METHOD_MATCH = YES;
				COPY_PHASE_STRIP = NO;
				DEBUG_INFORMATION_FORMAT = dwarf;
				ENABLE_STRICT_OBJC_MSGSEND = YES;
				ENABLE_TESTABILITY = YES;
				GCC_C_LANGUAGE_STANDARD = gnu11;
				GCC_DYNAMIC_NO_PIC = NO;
				GCC_NO_COMMON_BLOCKS = YES;
				GCC_OPTIMIZATION_LEVEL = 0;
				GCC_PREPROCESSOR_DEFINITIONS = (
					"DEBUG=1",
					"$(inherited)",
				);
				GCC_WARN_64_TO_32_BIT_CONVERSION = YES;
				GCC_WARN_ABOUT_RETURN_TYPE = YES_ERROR;
				GCC_WARN_UNDECLARED_SELECTOR = YES;
				GCC_WARN_UNINITIALIZED_AUTOS = YES_AGGRESSIVE;
				GCC_WARN_UNUSED_FUNCTION = YES;
				GCC_WARN_UNUSED_VARIABLE = YES;
				IPHONEOS_DEPLOYMENT_TARGET = 15.4;
				MTL_ENABLE_DEBUG_INFO = INCLUDE_SOURCE;
				MTL_FAST_MATH = YES;
				ONLY_ACTIVE_ARCH = YES;
				SDKROOT = iphoneos;
			};
			name = Debug;
		};
		84AA94D328F4F0D500B0EDEF /* Release */ = {
			isa = XCBuildConfiguration;
			buildSettings = {
				ALWAYS_SEARCH_USER_PATHS = NO;
				CLANG_ANALYZER_NONNULL = YES;
				CLANG_ANALYZER_NUMBER_OBJECT_CONVERSION = YES_AGGRESSIVE;
				CLANG_CXX_LANGUAGE_STANDARD = "gnu++17";
				CLANG_ENABLE_MODULES = YES;
				CLANG_ENABLE_OBJC_ARC = YES;
				CLANG_ENABLE_OBJC_WEAK = YES;
				CLANG_WARN_BLOCK_CAPTURE_AUTORELEASING = YES;
				CLANG_WARN_BOOL_CONVERSION = YES;
				CLANG_WARN_COMMA = YES;
				CLANG_WARN_CONSTANT_CONVERSION = YES;
				CLANG_WARN_DEPRECATED_OBJC_IMPLEMENTATIONS = YES;
				CLANG_WARN_DIRECT_OBJC_ISA_USAGE = YES_ERROR;
				CLANG_WARN_DOCUMENTATION_COMMENTS = YES;
				CLANG_WARN_EMPTY_BODY = YES;
				CLANG_WARN_ENUM_CONVERSION = YES;
				CLANG_WARN_INFINITE_RECURSION = YES;
				CLANG_WARN_INT_CONVERSION = YES;
				CLANG_WARN_NON_LITERAL_NULL_CONVERSION = YES;
				CLANG_WARN_OBJC_IMPLICIT_RETAIN_SELF = YES;
				CLANG_WARN_OBJC_LITERAL_CONVERSION = YES;
				CLANG_WARN_OBJC_ROOT_CLASS = YES_ERROR;
				CLANG_WARN_QUOTED_INCLUDE_IN_FRAMEWORK_HEADER = YES;
				CLANG_WARN_RANGE_LOOP_ANALYSIS = YES;
				CLANG_WARN_STRICT_PROTOTYPES = YES;
				CLANG_WARN_SUSPICIOUS_MOVE = YES;
				CLANG_WARN_UNGUARDED_AVAILABILITY = YES_AGGRESSIVE;
				CLANG_WARN_UNREACHABLE_CODE = YES;
				CLANG_WARN__DUPLICATE_METHOD_MATCH = YES;
				COPY_PHASE_STRIP = NO;
				DEBUG_INFORMATION_FORMAT = "dwarf-with-dsym";
				ENABLE_NS_ASSERTIONS = NO;
				ENABLE_STRICT_OBJC_MSGSEND = YES;
				GCC_C_LANGUAGE_STANDARD = gnu11;
				GCC_NO_COMMON_BLOCKS = YES;
				GCC_WARN_64_TO_32_BIT_CONVERSION = YES;
				GCC_WARN_ABOUT_RETURN_TYPE = YES_ERROR;
				GCC_WARN_UNDECLARED_SELECTOR = YES;
				GCC_WARN_UNINITIALIZED_AUTOS = YES_AGGRESSIVE;
				GCC_WARN_UNUSED_FUNCTION = YES;
				GCC_WARN_UNUSED_VARIABLE = YES;
				IPHONEOS_DEPLOYMENT_TARGET = 15.4;
				MTL_ENABLE_DEBUG_INFO = NO;
				MTL_FAST_MATH = YES;
				SDKROOT = iphoneos;
				VALIDATE_PRODUCT = YES;
			};
			name = Release;
		};
		84AA94D528F4F0D500B0EDEF /* Debug */ = {
			isa = XCBuildConfiguration;
			buildSettings = {
				ASSETCATALOG_COMPILER_APPICON_NAME = AppIcon;
				ASSETCATALOG_COMPILER_GLOBAL_ACCENT_COLOR_NAME = AccentColor;
				CODE_SIGN_STYLE = Automatic;
				CURRENT_PROJECT_VERSION = 1;
				DEVELOPMENT_TEAM = G36H22GQRT;
				ENABLE_BITCODE = NO;
				GCC_PRECOMPILE_PREFIX_HEADER = YES;
				GCC_PREFIX_HEADER = "$(SRCROOT)/trackingsport/TrackingSport_pch.h";
				GENERATE_INFOPLIST_FILE = YES;
				HEADER_SEARCH_PATHS = "\"$(SRCROOT)/trackingsport/Lib/Openssl/include\"";
				INFOPLIST_FILE = trackingsport/Info.plist;
				INFOPLIST_KEY_UIApplicationSupportsIndirectInputEvents = YES;
				INFOPLIST_KEY_UILaunchStoryboardName = LaunchScreen;
				INFOPLIST_KEY_UIMainStoryboardFile = Main;
				INFOPLIST_KEY_UISupportedInterfaceOrientations_iPad = UIInterfaceOrientationLandscapeLeft;
				INFOPLIST_KEY_UISupportedInterfaceOrientations_iPhone = "UIInterfaceOrientationPortrait UIInterfaceOrientationLandscapeLeft UIInterfaceOrientationLandscapeRight";
				IPHONEOS_DEPLOYMENT_TARGET = 9.0;
				LD_RUNPATH_SEARCH_PATHS = (
					"$(inherited)",
					"@executable_path/Frameworks",
				);
				LIBRARY_SEARCH_PATHS = (
					"$(inherited)",
					"$(PROJECT_DIR)/trackingsport/Lib/Openssl",
				);
				MARKETING_VERSION = 1.0;
				ONLY_ACTIVE_ARCH = NO;
				PRODUCT_BUNDLE_IDENTIFIER = com.bea.uatapp;
				PRODUCT_NAME = "$(TARGET_NAME)";
				SWIFT_EMIT_LOC_STRINGS = YES;
				TARGETED_DEVICE_FAMILY = 2;
			};
			name = Debug;
		};
		84AA94D628F4F0D500B0EDEF /* Release */ = {
			isa = XCBuildConfiguration;
			buildSettings = {
				ASSETCATALOG_COMPILER_APPICON_NAME = AppIcon;
				ASSETCATALOG_COMPILER_GLOBAL_ACCENT_COLOR_NAME = AccentColor;
				CODE_SIGN_STYLE = Automatic;
				CURRENT_PROJECT_VERSION = 1;
				DEVELOPMENT_TEAM = G36H22GQRT;
				ENABLE_BITCODE = NO;
				GCC_PRECOMPILE_PREFIX_HEADER = YES;
				GCC_PREFIX_HEADER = "$(SRCROOT)/trackingsport/TrackingSport_pch.h";
				GENERATE_INFOPLIST_FILE = YES;
				HEADER_SEARCH_PATHS = "\"$(SRCROOT)/trackingsport/Lib/Openssl/include\"";
				INFOPLIST_FILE = trackingsport/Info.plist;
				INFOPLIST_KEY_UIApplicationSupportsIndirectInputEvents = YES;
				INFOPLIST_KEY_UILaunchStoryboardName = LaunchScreen;
				INFOPLIST_KEY_UIMainStoryboardFile = Main;
				INFOPLIST_KEY_UISupportedInterfaceOrientations_iPad = UIInterfaceOrientationLandscapeLeft;
				INFOPLIST_KEY_UISupportedInterfaceOrientations_iPhone = "UIInterfaceOrientationPortrait UIInterfaceOrientationLandscapeLeft UIInterfaceOrientationLandscapeRight";
				IPHONEOS_DEPLOYMENT_TARGET = 9.0;
				LD_RUNPATH_SEARCH_PATHS = (
					"$(inherited)",
					"@executable_path/Frameworks",
				);
				LIBRARY_SEARCH_PATHS = (
					"$(inherited)",
					"$(PROJECT_DIR)/trackingsport/Lib/Openssl",
				);
				MARKETING_VERSION = 1.0;
				ONLY_ACTIVE_ARCH = YES;
				PRODUCT_BUNDLE_IDENTIFIER = com.bea.uatapp;
				PRODUCT_NAME = "$(TARGET_NAME)";
				SWIFT_EMIT_LOC_STRINGS = YES;
				TARGETED_DEVICE_FAMILY = 2;
			};
			name = Release;
		};
/* End XCBuildConfiguration section */

/* Begin XCConfigurationList section */
		84AA94B628F4F0D300B0EDEF /* Build configuration list for PBXProject "trackingsport" */ = {
			isa = XCConfigurationList;
			buildConfigurations = (
				84AA94D228F4F0D500B0EDEF /* Debug */,
				84AA94D328F4F0D500B0EDEF /* Release */,
			);
			defaultConfigurationIsVisible = 0;
			defaultConfigurationName = Release;
		};
		84AA94D428F4F0D500B0EDEF /* Build configuration list for PBXNativeTarget "trackingsport" */ = {
			isa = XCConfigurationList;
			buildConfigurations = (
				84AA94D528F4F0D500B0EDEF /* Debug */,
				84AA94D628F4F0D500B0EDEF /* Release */,
			);
			defaultConfigurationIsVisible = 0;
			defaultConfigurationName = Release;
		};
/* End XCConfigurationList section */
	};
	rootObject = 84AA94B328F4F0D300B0EDEF /* Project object */;
}
